// !$*UTF8*$!
{
	archiveVersion = 1;
	classes = {
	};
	objectVersion = 46;
	objects = {

/* Begin PBXBuildFile section */
		18242E021A2321660087DF7C /* MJArgument.m in Sources */ = {isa = PBXBuildFile; fileRef = 18242DEC1A2321660087DF7C /* MJArgument.m */; };
		18242E031A2321660087DF7C /* MJConst.m in Sources */ = {isa = PBXBuildFile; fileRef = 18242DEE1A2321660087DF7C /* MJConst.m */; };
		18242E041A2321660087DF7C /* MJFoundation.m in Sources */ = {isa = PBXBuildFile; fileRef = 18242DF11A2321660087DF7C /* MJFoundation.m */; };
		18242E051A2321660087DF7C /* MJIvar.m in Sources */ = {isa = PBXBuildFile; fileRef = 18242DF31A2321660087DF7C /* MJIvar.m */; };
		18242E061A2321660087DF7C /* MJMember.m in Sources */ = {isa = PBXBuildFile; fileRef = 18242DF51A2321660087DF7C /* MJMember.m */; };
		18242E071A2321660087DF7C /* MJMethod.m in Sources */ = {isa = PBXBuildFile; fileRef = 18242DF71A2321660087DF7C /* MJMethod.m */; };
		18242E081A2321660087DF7C /* MJType.m in Sources */ = {isa = PBXBuildFile; fileRef = 18242DF91A2321660087DF7C /* MJType.m */; };
		18242E091A2321660087DF7C /* MJTypeEncoding.m in Sources */ = {isa = PBXBuildFile; fileRef = 18242DFB1A2321660087DF7C /* MJTypeEncoding.m */; };
		18242E0A1A2321660087DF7C /* NSObject+MJCoding.m in Sources */ = {isa = PBXBuildFile; fileRef = 18242DFD1A2321660087DF7C /* NSObject+MJCoding.m */; };
		18242E0B1A2321660087DF7C /* NSObject+MJKeyValue.m in Sources */ = {isa = PBXBuildFile; fileRef = 18242DFF1A2321660087DF7C /* NSObject+MJKeyValue.m */; };
		18242E0C1A2321660087DF7C /* NSObject+MJMember.m in Sources */ = {isa = PBXBuildFile; fileRef = 18242E011A2321660087DF7C /* NSObject+MJMember.m */; };
		182CEA9B1A1F125800547122 /* UIBarButtonItem+Create.m in Sources */ = {isa = PBXBuildFile; fileRef = 182CEA9A1A1F125800547122 /* UIBarButtonItem+Create.m */; };
		182CEA9E1A1F13AD00547122 /* IWTitleButton.m in Sources */ = {isa = PBXBuildFile; fileRef = 182CEA9D1A1F13AD00547122 /* IWTitleButton.m */; };
		182CEAA11A1F15A800547122 /* UIImage+image.m in Sources */ = {isa = PBXBuildFile; fileRef = 182CEAA01A1F15A800547122 /* UIImage+image.m */; };
		183788931A21C19C00B65B7B /* IWNewFeatureViewController.m in Sources */ = {isa = PBXBuildFile; fileRef = 183788921A21C19C00B65B7B /* IWNewFeatureViewController.m */; };
		183788961A21C60500B65B7B /* IWNewFeatureCell.m in Sources */ = {isa = PBXBuildFile; fileRef = 183788951A21C60500B65B7B /* IWNewFeatureCell.m */; };
		185486B91A1F2D750042D212 /* IWCover.m in Sources */ = {isa = PBXBuildFile; fileRef = 185486B81A1F2D750042D212 /* IWCover.m */; };
		187298F71A21814F0030F3CD /* IWNavigationController.m in Sources */ = {isa = PBXBuildFile; fileRef = 187298F61A21814F0030F3CD /* IWNavigationController.m */; };
		187298FA1A218BA90030F3CD /* IWSearchBar.m in Sources */ = {isa = PBXBuildFile; fileRef = 187298F91A218BA90030F3CD /* IWSearchBar.m */; };
		187298FD1A218CC90030F3CD /* IWOneViewController.m in Sources */ = {isa = PBXBuildFile; fileRef = 187298FC1A218CC90030F3CD /* IWOneViewController.m */; };
		187298FF1A218CE70030F3CD /* IWOneViewController.xib in Resources */ = {isa = PBXBuildFile; fileRef = 187298FE1A218CE70030F3CD /* IWOneViewController.xib */; };
		187299021A21904E0030F3CD /* IWTwoViewController.m in Sources */ = {isa = PBXBuildFile; fileRef = 187299011A21904E0030F3CD /* IWTwoViewController.m */; };
		18838DD61A2325360086BF9A /* MKAnnotationView+WebCache.m in Sources */ = {isa = PBXBuildFile; fileRef = 18838DB61A2325360086BF9A /* MKAnnotationView+WebCache.m */; };
		18838DD71A2325360086BF9A /* NSData+ImageContentType.m in Sources */ = {isa = PBXBuildFile; fileRef = 18838DB81A2325360086BF9A /* NSData+ImageContentType.m */; };
		18838DD81A2325360086BF9A /* SDImageCache.m in Sources */ = {isa = PBXBuildFile; fileRef = 18838DBA1A2325360086BF9A /* SDImageCache.m */; };
		18838DD91A2325360086BF9A /* SDWebImageCompat.m in Sources */ = {isa = PBXBuildFile; fileRef = 18838DBC1A2325360086BF9A /* SDWebImageCompat.m */; };
		18838DDA1A2325360086BF9A /* SDWebImageDecoder.m in Sources */ = {isa = PBXBuildFile; fileRef = 18838DBE1A2325360086BF9A /* SDWebImageDecoder.m */; };
		18838DDB1A2325360086BF9A /* SDWebImageDownloader.m in Sources */ = {isa = PBXBuildFile; fileRef = 18838DC01A2325360086BF9A /* SDWebImageDownloader.m */; };
		18838DDC1A2325360086BF9A /* SDWebImageDownloaderOperation.m in Sources */ = {isa = PBXBuildFile; fileRef = 18838DC21A2325360086BF9A /* SDWebImageDownloaderOperation.m */; };
		18838DDD1A2325360086BF9A /* SDWebImageManager.m in Sources */ = {isa = PBXBuildFile; fileRef = 18838DC41A2325360086BF9A /* SDWebImageManager.m */; };
		18838DDE1A2325360086BF9A /* SDWebImagePrefetcher.m in Sources */ = {isa = PBXBuildFile; fileRef = 18838DC71A2325360086BF9A /* SDWebImagePrefetcher.m */; };
		18838DDF1A2325360086BF9A /* UIButton+WebCache.m in Sources */ = {isa = PBXBuildFile; fileRef = 18838DC91A2325360086BF9A /* UIButton+WebCache.m */; };
		18838DE01A2325360086BF9A /* UIImage+GIF.m in Sources */ = {isa = PBXBuildFile; fileRef = 18838DCB1A2325360086BF9A /* UIImage+GIF.m */; };
		18838DE11A2325360086BF9A /* UIImage+MultiFormat.m in Sources */ = {isa = PBXBuildFile; fileRef = 18838DCD1A2325360086BF9A /* UIImage+MultiFormat.m */; };
		18838DE21A2325360086BF9A /* UIImage+WebP.m in Sources */ = {isa = PBXBuildFile; fileRef = 18838DCF1A2325360086BF9A /* UIImage+WebP.m */; };
		18838DE31A2325360086BF9A /* UIImageView+HighlightedWebCache.m in Sources */ = {isa = PBXBuildFile; fileRef = 18838DD11A2325360086BF9A /* UIImageView+HighlightedWebCache.m */; };
		18838DE41A2325360086BF9A /* UIImageView+WebCache.m in Sources */ = {isa = PBXBuildFile; fileRef = 18838DD31A2325360086BF9A /* UIImageView+WebCache.m */; };
		18838DE51A2325360086BF9A /* UIView+WebCacheOperation.m in Sources */ = {isa = PBXBuildFile; fileRef = 18838DD51A2325360086BF9A /* UIView+WebCacheOperation.m */; };
		18838DF71A2328000086BF9A /* MJRefresh.bundle in Resources */ = {isa = PBXBuildFile; fileRef = 18838DE71A2328000086BF9A /* MJRefresh.bundle */; };
		18838DF81A2328000086BF9A /* MJRefreshBaseView.m in Sources */ = {isa = PBXBuildFile; fileRef = 18838DEA1A2328000086BF9A /* MJRefreshBaseView.m */; };
		18838DF91A2328000086BF9A /* MJRefreshConst.m in Sources */ = {isa = PBXBuildFile; fileRef = 18838DEC1A2328000086BF9A /* MJRefreshConst.m */; };
		18838DFA1A2328000086BF9A /* MJRefreshFooterView.m in Sources */ = {isa = PBXBuildFile; fileRef = 18838DEE1A2328000086BF9A /* MJRefreshFooterView.m */; };
		18838DFB1A2328000086BF9A /* MJRefreshHeaderView.m in Sources */ = {isa = PBXBuildFile; fileRef = 18838DF01A2328000086BF9A /* MJRefreshHeaderView.m */; };
		18838DFC1A2328000086BF9A /* UIScrollView+MJExtension.m in Sources */ = {isa = PBXBuildFile; fileRef = 18838DF21A2328000086BF9A /* UIScrollView+MJExtension.m */; };
		18838DFD1A2328000086BF9A /* UIScrollView+MJRefresh.m in Sources */ = {isa = PBXBuildFile; fileRef = 18838DF41A2328000086BF9A /* UIScrollView+MJRefresh.m */; };
		18838DFE1A2328000086BF9A /* UIView+MJExtension.m in Sources */ = {isa = PBXBuildFile; fileRef = 18838DF61A2328000086BF9A /* UIView+MJExtension.m */; };
		188847341A1ECE0B00F553E6 /* UIView+Frame.m in Sources */ = {isa = PBXBuildFile; fileRef = 188847331A1ECE0B00F553E6 /* UIView+Frame.m */; };
		188847371A1EDEC000F553E6 /* IWBadgeView.m in Sources */ = {isa = PBXBuildFile; fileRef = 188847361A1EDEC000F553E6 /* IWBadgeView.m */; };
		18911D261A1F243E0054ADD0 /* IWPopView.m in Sources */ = {isa = PBXBuildFile; fileRef = 18911D251A1F243E0054ADD0 /* IWPopView.m */; };
		18911D291A1F26560054ADD0 /* IWPopViewController.m in Sources */ = {isa = PBXBuildFile; fileRef = 18911D281A1F26560054ADD0 /* IWPopViewController.m */; };
		18C3E9E31A22DFD500D5C040 /* IWAccount.m in Sources */ = {isa = PBXBuildFile; fileRef = 18C3E9E21A22DFD500D5C040 /* IWAccount.m */; };
		18DF6B311A230A78000CF798 /* MBProgressHUD+MJ.m in Sources */ = {isa = PBXBuildFile; fileRef = 18DF6B2D1A230A78000CF798 /* MBProgressHUD+MJ.m */; };
		18DF6B321A230A78000CF798 /* MBProgressHUD.bundle in Resources */ = {isa = PBXBuildFile; fileRef = 18DF6B2E1A230A78000CF798 /* MBProgressHUD.bundle */; };
		18DF6B331A230A78000CF798 /* MBProgressHUD.m in Sources */ = {isa = PBXBuildFile; fileRef = 18DF6B301A230A78000CF798 /* MBProgressHUD.m */; };
		18DF6B381A230C72000CF798 /* IWMainTool.m in Sources */ = {isa = PBXBuildFile; fileRef = 18DF6B371A230C72000CF798 /* IWMainTool.m */; };
		18DF6B3C1A231362000CF798 /* IWAccountTool.m in Sources */ = {isa = PBXBuildFile; fileRef = 18DF6B3B1A231362000CF798 /* IWAccountTool.m */; };
		18DF6B3F1A231B23000CF798 /* IWStatus.m in Sources */ = {isa = PBXBuildFile; fileRef = 18DF6B3E1A231B23000CF798 /* IWStatus.m */; };
		18DF6B421A231BCE000CF798 /* IWUser.m in Sources */ = {isa = PBXBuildFile; fileRef = 18DF6B411A231BCE000CF798 /* IWUser.m */; };
		18DF6B451A231BE1000CF798 /* IWPhoto.m in Sources */ = {isa = PBXBuildFile; fileRef = 18DF6B441A231BE1000CF798 /* IWPhoto.m */; };
		18EA2D481A1D96FE0024E748 /* Images.xcassets in Resources */ = {isa = PBXBuildFile; fileRef = 18EA2D471A1D96FE0024E748 /* Images.xcassets */; };
		18EA2D571A1D96FE0024E748 /* ____Tests.m in Sources */ = {isa = PBXBuildFile; fileRef = 18EA2D561A1D96FE0024E748 /* ____Tests.m */; };
		18EA2D711A1DC0A30024E748 /* IWTabBarController.m in Sources */ = {isa = PBXBuildFile; fileRef = 18EA2D691A1DC0A30024E748 /* IWTabBarController.m */; };
		18EA2D721A1DC0A30024E748 /* AppDelegate.m in Sources */ = {isa = PBXBuildFile; fileRef = 18EA2D6E1A1DC0A30024E748 /* AppDelegate.m */; };
		18EA2D731A1DC0A30024E748 /* main.m in Sources */ = {isa = PBXBuildFile; fileRef = 18EA2D6F1A1DC0A30024E748 /* main.m */; };
		18EA2D861A1DC1CF0024E748 /* IWDiscoverViewController.m in Sources */ = {isa = PBXBuildFile; fileRef = 18EA2D851A1DC1CF0024E748 /* IWDiscoverViewController.m */; };
		18EA2D891A1DC1DB0024E748 /* IWHomeViewController.m in Sources */ = {isa = PBXBuildFile; fileRef = 18EA2D881A1DC1DB0024E748 /* IWHomeViewController.m */; };
		18EA2D8C1A1DC1E80024E748 /* IWMessageViewController.m in Sources */ = {isa = PBXBuildFile; fileRef = 18EA2D8B1A1DC1E80024E748 /* IWMessageViewController.m */; };
		18EA2D8F1A1DC1F20024E748 /* IWProfileViewController.m in Sources */ = {isa = PBXBuildFile; fileRef = 18EA2D8E1A1DC1F20024E748 /* IWProfileViewController.m */; };
		18EA2DCA1A1DCE5C0024E748 /* IWTabBar.m in Sources */ = {isa = PBXBuildFile; fileRef = 18EA2DC91A1DCE5C0024E748 /* IWTabBar.m */; };
		18EA2DCD1A1DE1900024E748 /* IWTabBarButton.m in Sources */ = {isa = PBXBuildFile; fileRef = 18EA2DCC1A1DE1900024E748 /* IWTabBarButton.m */; };
		18FEAA761A22CF62008498D7 /* IWOAuthViewController.m in Sources */ = {isa = PBXBuildFile; fileRef = 18FEAA751A22CF62008498D7 /* IWOAuthViewController.m */; };
		18FEAA8C1A22D5B8008498D7 /* AFHTTPRequestOperation.m in Sources */ = {isa = PBXBuildFile; fileRef = 18FEAA7A1A22D5B8008498D7 /* AFHTTPRequestOperation.m */; };
		18FEAA8D1A22D5B8008498D7 /* AFHTTPRequestOperationManager.m in Sources */ = {isa = PBXBuildFile; fileRef = 18FEAA7C1A22D5B8008498D7 /* AFHTTPRequestOperationManager.m */; };
		18FEAA8E1A22D5B8008498D7 /* AFHTTPSessionManager.m in Sources */ = {isa = PBXBuildFile; fileRef = 18FEAA7E1A22D5B8008498D7 /* AFHTTPSessionManager.m */; };
		18FEAA8F1A22D5B8008498D7 /* AFNetworkReachabilityManager.m in Sources */ = {isa = PBXBuildFile; fileRef = 18FEAA811A22D5B8008498D7 /* AFNetworkReachabilityManager.m */; };
		18FEAA901A22D5B8008498D7 /* AFSecurityPolicy.m in Sources */ = {isa = PBXBuildFile; fileRef = 18FEAA831A22D5B8008498D7 /* AFSecurityPolicy.m */; };
		18FEAA911A22D5B8008498D7 /* AFURLConnectionOperation.m in Sources */ = {isa = PBXBuildFile; fileRef = 18FEAA851A22D5B8008498D7 /* AFURLConnectionOperation.m */; };
		18FEAA921A22D5B8008498D7 /* AFURLRequestSerialization.m in Sources */ = {isa = PBXBuildFile; fileRef = 18FEAA871A22D5B8008498D7 /* AFURLRequestSerialization.m */; };
		18FEAA931A22D5B8008498D7 /* AFURLResponseSerialization.m in Sources */ = {isa = PBXBuildFile; fileRef = 18FEAA891A22D5B8008498D7 /* AFURLResponseSerialization.m */; };
		18FEAA941A22D5B8008498D7 /* AFURLSessionManager.m in Sources */ = {isa = PBXBuildFile; fileRef = 18FEAA8B1A22D5B8008498D7 /* AFURLSessionManager.m */; };
/* End PBXBuildFile section */

/* Begin PBXContainerItemProxy section */
		18EA2D511A1D96FE0024E748 /* PBXContainerItemProxy */ = {
			isa = PBXContainerItemProxy;
			containerPortal = 18EA2D2F1A1D96FD0024E748 /* Project object */;
			proxyType = 1;
			remoteGlobalIDString = 18EA2D361A1D96FD0024E748;
			remoteInfo = "新浪微博";
		};
/* End PBXContainerItemProxy section */

/* Begin PBXFileReference section */
		18242DEB1A2321660087DF7C /* MJArgument.h */ = {isa = PBXFileReference; fileEncoding = 4; lastKnownFileType = sourcecode.c.h; path = MJArgument.h; sourceTree = "<group>"; };
		18242DEC1A2321660087DF7C /* MJArgument.m */ = {isa = PBXFileReference; fileEncoding = 4; lastKnownFileType = sourcecode.c.objc; path = MJArgument.m; sourceTree = "<group>"; };
		18242DED1A2321660087DF7C /* MJConst.h */ = {isa = PBXFileReference; fileEncoding = 4; lastKnownFileType = sourcecode.c.h; path = MJConst.h; sourceTree = "<group>"; };
		18242DEE1A2321660087DF7C /* MJConst.m */ = {isa = PBXFileReference; fileEncoding = 4; lastKnownFileType = sourcecode.c.objc; path = MJConst.m; sourceTree = "<group>"; };
		18242DEF1A2321660087DF7C /* MJExtension.h */ = {isa = PBXFileReference; fileEncoding = 4; lastKnownFileType = sourcecode.c.h; path = MJExtension.h; sourceTree = "<group>"; };
		18242DF01A2321660087DF7C /* MJFoundation.h */ = {isa = PBXFileReference; fileEncoding = 4; lastKnownFileType = sourcecode.c.h; path = MJFoundation.h; sourceTree = "<group>"; };
		18242DF11A2321660087DF7C /* MJFoundation.m */ = {isa = PBXFileReference; fileEncoding = 4; lastKnownFileType = sourcecode.c.objc; path = MJFoundation.m; sourceTree = "<group>"; };
		18242DF21A2321660087DF7C /* MJIvar.h */ = {isa = PBXFileReference; fileEncoding = 4; lastKnownFileType = sourcecode.c.h; path = MJIvar.h; sourceTree = "<group>"; };
		18242DF31A2321660087DF7C /* MJIvar.m */ = {isa = PBXFileReference; fileEncoding = 4; lastKnownFileType = sourcecode.c.objc; path = MJIvar.m; sourceTree = "<group>"; };
		18242DF41A2321660087DF7C /* MJMember.h */ = {isa = PBXFileReference; fileEncoding = 4; lastKnownFileType = sourcecode.c.h; path = MJMember.h; sourceTree = "<group>"; };
		18242DF51A2321660087DF7C /* MJMember.m */ = {isa = PBXFileReference; fileEncoding = 4; lastKnownFileType = sourcecode.c.objc; path = MJMember.m; sourceTree = "<group>"; };
		18242DF61A2321660087DF7C /* MJMethod.h */ = {isa = PBXFileReference; fileEncoding = 4; lastKnownFileType = sourcecode.c.h; path = MJMethod.h; sourceTree = "<group>"; };
		18242DF71A2321660087DF7C /* MJMethod.m */ = {isa = PBXFileReference; fileEncoding = 4; lastKnownFileType = sourcecode.c.objc; path = MJMethod.m; sourceTree = "<group>"; };
		18242DF81A2321660087DF7C /* MJType.h */ = {isa = PBXFileReference; fileEncoding = 4; lastKnownFileType = sourcecode.c.h; path = MJType.h; sourceTree = "<group>"; };
		18242DF91A2321660087DF7C /* MJType.m */ = {isa = PBXFileReference; fileEncoding = 4; lastKnownFileType = sourcecode.c.objc; path = MJType.m; sourceTree = "<group>"; };
		18242DFA1A2321660087DF7C /* MJTypeEncoding.h */ = {isa = PBXFileReference; fileEncoding = 4; lastKnownFileType = sourcecode.c.h; path = MJTypeEncoding.h; sourceTree = "<group>"; };
		18242DFB1A2321660087DF7C /* MJTypeEncoding.m */ = {isa = PBXFileReference; fileEncoding = 4; lastKnownFileType = sourcecode.c.objc; path = MJTypeEncoding.m; sourceTree = "<group>"; };
		18242DFC1A2321660087DF7C /* NSObject+MJCoding.h */ = {isa = PBXFileReference; fileEncoding = 4; lastKnownFileType = sourcecode.c.h; path = "NSObject+MJCoding.h"; sourceTree = "<group>"; };
		18242DFD1A2321660087DF7C /* NSObject+MJCoding.m */ = {isa = PBXFileReference; fileEncoding = 4; lastKnownFileType = sourcecode.c.objc; path = "NSObject+MJCoding.m"; sourceTree = "<group>"; };
		18242DFE1A2321660087DF7C /* NSObject+MJKeyValue.h */ = {isa = PBXFileReference; fileEncoding = 4; lastKnownFileType = sourcecode.c.h; path = "NSObject+MJKeyValue.h"; sourceTree = "<group>"; };
		18242DFF1A2321660087DF7C /* NSObject+MJKeyValue.m */ = {isa = PBXFileReference; fileEncoding = 4; lastKnownFileType = sourcecode.c.objc; path = "NSObject+MJKeyValue.m"; sourceTree = "<group>"; };
		18242E001A2321660087DF7C /* NSObject+MJMember.h */ = {isa = PBXFileReference; fileEncoding = 4; lastKnownFileType = sourcecode.c.h; path = "NSObject+MJMember.h"; sourceTree = "<group>"; };
		18242E011A2321660087DF7C /* NSObject+MJMember.m */ = {isa = PBXFileReference; fileEncoding = 4; lastKnownFileType = sourcecode.c.objc; path = "NSObject+MJMember.m"; sourceTree = "<group>"; };
		182CEA991A1F125800547122 /* UIBarButtonItem+Create.h */ = {isa = PBXFileReference; fileEncoding = 4; lastKnownFileType = sourcecode.c.h; path = "UIBarButtonItem+Create.h"; sourceTree = "<group>"; };
		182CEA9A1A1F125800547122 /* UIBarButtonItem+Create.m */ = {isa = PBXFileReference; fileEncoding = 4; lastKnownFileType = sourcecode.c.objc; path = "UIBarButtonItem+Create.m"; sourceTree = "<group>"; };
		182CEA9C1A1F13AD00547122 /* IWTitleButton.h */ = {isa = PBXFileReference; fileEncoding = 4; lastKnownFileType = sourcecode.c.h; path = IWTitleButton.h; sourceTree = "<group>"; };
		182CEA9D1A1F13AD00547122 /* IWTitleButton.m */ = {isa = PBXFileReference; fileEncoding = 4; lastKnownFileType = sourcecode.c.objc; path = IWTitleButton.m; sourceTree = "<group>"; };
		182CEA9F1A1F15A800547122 /* UIImage+image.h */ = {isa = PBXFileReference; fileEncoding = 4; lastKnownFileType = sourcecode.c.h; path = "UIImage+image.h"; sourceTree = "<group>"; };
		182CEAA01A1F15A800547122 /* UIImage+image.m */ = {isa = PBXFileReference; fileEncoding = 4; lastKnownFileType = sourcecode.c.objc; path = "UIImage+image.m"; sourceTree = "<group>"; };
		183788911A21C19C00B65B7B /* IWNewFeatureViewController.h */ = {isa = PBXFileReference; fileEncoding = 4; lastKnownFileType = sourcecode.c.h; path = IWNewFeatureViewController.h; sourceTree = "<group>"; };
		183788921A21C19C00B65B7B /* IWNewFeatureViewController.m */ = {isa = PBXFileReference; fileEncoding = 4; lastKnownFileType = sourcecode.c.objc; path = IWNewFeatureViewController.m; sourceTree = "<group>"; };
		183788941A21C60500B65B7B /* IWNewFeatureCell.h */ = {isa = PBXFileReference; fileEncoding = 4; lastKnownFileType = sourcecode.c.h; path = IWNewFeatureCell.h; sourceTree = "<group>"; };
		183788951A21C60500B65B7B /* IWNewFeatureCell.m */ = {isa = PBXFileReference; fileEncoding = 4; lastKnownFileType = sourcecode.c.objc; path = IWNewFeatureCell.m; sourceTree = "<group>"; };
		185486B71A1F2D750042D212 /* IWCover.h */ = {isa = PBXFileReference; fileEncoding = 4; lastKnownFileType = sourcecode.c.h; path = IWCover.h; sourceTree = "<group>"; };
		185486B81A1F2D750042D212 /* IWCover.m */ = {isa = PBXFileReference; fileEncoding = 4; lastKnownFileType = sourcecode.c.objc; path = IWCover.m; sourceTree = "<group>"; };
		187298F51A21814F0030F3CD /* IWNavigationController.h */ = {isa = PBXFileReference; fileEncoding = 4; lastKnownFileType = sourcecode.c.h; path = IWNavigationController.h; sourceTree = "<group>"; };
		187298F61A21814F0030F3CD /* IWNavigationController.m */ = {isa = PBXFileReference; fileEncoding = 4; lastKnownFileType = sourcecode.c.objc; path = IWNavigationController.m; sourceTree = "<group>"; };
		187298F81A218BA90030F3CD /* IWSearchBar.h */ = {isa = PBXFileReference; fileEncoding = 4; lastKnownFileType = sourcecode.c.h; path = IWSearchBar.h; sourceTree = "<group>"; };
		187298F91A218BA90030F3CD /* IWSearchBar.m */ = {isa = PBXFileReference; fileEncoding = 4; lastKnownFileType = sourcecode.c.objc; path = IWSearchBar.m; sourceTree = "<group>"; };
		187298FB1A218CC90030F3CD /* IWOneViewController.h */ = {isa = PBXFileReference; fileEncoding = 4; lastKnownFileType = sourcecode.c.h; path = IWOneViewController.h; sourceTree = "<group>"; };
		187298FC1A218CC90030F3CD /* IWOneViewController.m */ = {isa = PBXFileReference; fileEncoding = 4; lastKnownFileType = sourcecode.c.objc; path = IWOneViewController.m; sourceTree = "<group>"; };
		187298FE1A218CE70030F3CD /* IWOneViewController.xib */ = {isa = PBXFileReference; fileEncoding = 4; lastKnownFileType = file.xib; path = IWOneViewController.xib; sourceTree = "<group>"; };
		187299001A21904E0030F3CD /* IWTwoViewController.h */ = {isa = PBXFileReference; fileEncoding = 4; lastKnownFileType = sourcecode.c.h; path = IWTwoViewController.h; sourceTree = "<group>"; };
		187299011A21904E0030F3CD /* IWTwoViewController.m */ = {isa = PBXFileReference; fileEncoding = 4; lastKnownFileType = sourcecode.c.objc; path = IWTwoViewController.m; sourceTree = "<group>"; };
		18838DB51A2325360086BF9A /* MKAnnotationView+WebCache.h */ = {isa = PBXFileReference; fileEncoding = 4; lastKnownFileType = sourcecode.c.h; path = "MKAnnotationView+WebCache.h"; sourceTree = "<group>"; };
		18838DB61A2325360086BF9A /* MKAnnotationView+WebCache.m */ = {isa = PBXFileReference; fileEncoding = 4; lastKnownFileType = sourcecode.c.objc; path = "MKAnnotationView+WebCache.m"; sourceTree = "<group>"; };
		18838DB71A2325360086BF9A /* NSData+ImageContentType.h */ = {isa = PBXFileReference; fileEncoding = 4; lastKnownFileType = sourcecode.c.h; path = "NSData+ImageContentType.h"; sourceTree = "<group>"; };
		18838DB81A2325360086BF9A /* NSData+ImageContentType.m */ = {isa = PBXFileReference; fileEncoding = 4; lastKnownFileType = sourcecode.c.objc; path = "NSData+ImageContentType.m"; sourceTree = "<group>"; };
		18838DB91A2325360086BF9A /* SDImageCache.h */ = {isa = PBXFileReference; fileEncoding = 4; lastKnownFileType = sourcecode.c.h; path = SDImageCache.h; sourceTree = "<group>"; };
		18838DBA1A2325360086BF9A /* SDImageCache.m */ = {isa = PBXFileReference; fileEncoding = 4; lastKnownFileType = sourcecode.c.objc; path = SDImageCache.m; sourceTree = "<group>"; };
		18838DBB1A2325360086BF9A /* SDWebImageCompat.h */ = {isa = PBXFileReference; fileEncoding = 4; lastKnownFileType = sourcecode.c.h; path = SDWebImageCompat.h; sourceTree = "<group>"; };
		18838DBC1A2325360086BF9A /* SDWebImageCompat.m */ = {isa = PBXFileReference; fileEncoding = 4; lastKnownFileType = sourcecode.c.objc; path = SDWebImageCompat.m; sourceTree = "<group>"; };
		18838DBD1A2325360086BF9A /* SDWebImageDecoder.h */ = {isa = PBXFileReference; fileEncoding = 4; lastKnownFileType = sourcecode.c.h; path = SDWebImageDecoder.h; sourceTree = "<group>"; };
		18838DBE1A2325360086BF9A /* SDWebImageDecoder.m */ = {isa = PBXFileReference; fileEncoding = 4; lastKnownFileType = sourcecode.c.objc; path = SDWebImageDecoder.m; sourceTree = "<group>"; };
		18838DBF1A2325360086BF9A /* SDWebImageDownloader.h */ = {isa = PBXFileReference; fileEncoding = 4; lastKnownFileType = sourcecode.c.h; path = SDWebImageDownloader.h; sourceTree = "<group>"; };
		18838DC01A2325360086BF9A /* SDWebImageDownloader.m */ = {isa = PBXFileReference; fileEncoding = 4; lastKnownFileType = sourcecode.c.objc; path = SDWebImageDownloader.m; sourceTree = "<group>"; };
		18838DC11A2325360086BF9A /* SDWebImageDownloaderOperation.h */ = {isa = PBXFileReference; fileEncoding = 4; lastKnownFileType = sourcecode.c.h; path = SDWebImageDownloaderOperation.h; sourceTree = "<group>"; };
		18838DC21A2325360086BF9A /* SDWebImageDownloaderOperation.m */ = {isa = PBXFileReference; fileEncoding = 4; lastKnownFileType = sourcecode.c.objc; path = SDWebImageDownloaderOperation.m; sourceTree = "<group>"; };
		18838DC31A2325360086BF9A /* SDWebImageManager.h */ = {isa = PBXFileReference; fileEncoding = 4; lastKnownFileType = sourcecode.c.h; path = SDWebImageManager.h; sourceTree = "<group>"; };
		18838DC41A2325360086BF9A /* SDWebImageManager.m */ = {isa = PBXFileReference; fileEncoding = 4; lastKnownFileType = sourcecode.c.objc; path = SDWebImageManager.m; sourceTree = "<group>"; };
		18838DC51A2325360086BF9A /* SDWebImageOperation.h */ = {isa = PBXFileReference; fileEncoding = 4; lastKnownFileType = sourcecode.c.h; path = SDWebImageOperation.h; sourceTree = "<group>"; };
		18838DC61A2325360086BF9A /* SDWebImagePrefetcher.h */ = {isa = PBXFileReference; fileEncoding = 4; lastKnownFileType = sourcecode.c.h; path = SDWebImagePrefetcher.h; sourceTree = "<group>"; };
		18838DC71A2325360086BF9A /* SDWebImagePrefetcher.m */ = {isa = PBXFileReference; fileEncoding = 4; lastKnownFileType = sourcecode.c.objc; path = SDWebImagePrefetcher.m; sourceTree = "<group>"; };
		18838DC81A2325360086BF9A /* UIButton+WebCache.h */ = {isa = PBXFileReference; fileEncoding = 4; lastKnownFileType = sourcecode.c.h; path = "UIButton+WebCache.h"; sourceTree = "<group>"; };
		18838DC91A2325360086BF9A /* UIButton+WebCache.m */ = {isa = PBXFileReference; fileEncoding = 4; lastKnownFileType = sourcecode.c.objc; path = "UIButton+WebCache.m"; sourceTree = "<group>"; };
		18838DCA1A2325360086BF9A /* UIImage+GIF.h */ = {isa = PBXFileReference; fileEncoding = 4; lastKnownFileType = sourcecode.c.h; path = "UIImage+GIF.h"; sourceTree = "<group>"; };
		18838DCB1A2325360086BF9A /* UIImage+GIF.m */ = {isa = PBXFileReference; fileEncoding = 4; lastKnownFileType = sourcecode.c.objc; path = "UIImage+GIF.m"; sourceTree = "<group>"; };
		18838DCC1A2325360086BF9A /* UIImage+MultiFormat.h */ = {isa = PBXFileReference; fileEncoding = 4; lastKnownFileType = sourcecode.c.h; path = "UIImage+MultiFormat.h"; sourceTree = "<group>"; };
		18838DCD1A2325360086BF9A /* UIImage+MultiFormat.m */ = {isa = PBXFileReference; fileEncoding = 4; lastKnownFileType = sourcecode.c.objc; path = "UIImage+MultiFormat.m"; sourceTree = "<group>"; };
		18838DCE1A2325360086BF9A /* UIImage+WebP.h */ = {isa = PBXFileReference; fileEncoding = 4; lastKnownFileType = sourcecode.c.h; path = "UIImage+WebP.h"; sourceTree = "<group>"; };
		18838DCF1A2325360086BF9A /* UIImage+WebP.m */ = {isa = PBXFileReference; fileEncoding = 4; lastKnownFileType = sourcecode.c.objc; path = "UIImage+WebP.m"; sourceTree = "<group>"; };
		18838DD01A2325360086BF9A /* UIImageView+HighlightedWebCache.h */ = {isa = PBXFileReference; fileEncoding = 4; lastKnownFileType = sourcecode.c.h; path = "UIImageView+HighlightedWebCache.h"; sourceTree = "<group>"; };
		18838DD11A2325360086BF9A /* UIImageView+HighlightedWebCache.m */ = {isa = PBXFileReference; fileEncoding = 4; lastKnownFileType = sourcecode.c.objc; path = "UIImageView+HighlightedWebCache.m"; sourceTree = "<group>"; };
		18838DD21A2325360086BF9A /* UIImageView+WebCache.h */ = {isa = PBXFileReference; fileEncoding = 4; lastKnownFileType = sourcecode.c.h; path = "UIImageView+WebCache.h"; sourceTree = "<group>"; };
		18838DD31A2325360086BF9A /* UIImageView+WebCache.m */ = {isa = PBXFileReference; fileEncoding = 4; lastKnownFileType = sourcecode.c.objc; path = "UIImageView+WebCache.m"; sourceTree = "<group>"; };
		18838DD41A2325360086BF9A /* UIView+WebCacheOperation.h */ = {isa = PBXFileReference; fileEncoding = 4; lastKnownFileType = sourcecode.c.h; path = "UIView+WebCacheOperation.h"; sourceTree = "<group>"; };
		18838DD51A2325360086BF9A /* UIView+WebCacheOperation.m */ = {isa = PBXFileReference; fileEncoding = 4; lastKnownFileType = sourcecode.c.objc; path = "UIView+WebCacheOperation.m"; sourceTree = "<group>"; };
		18838DE71A2328000086BF9A /* MJRefresh.bundle */ = {isa = PBXFileReference; lastKnownFileType = "wrapper.plug-in"; path = MJRefresh.bundle; sourceTree = "<group>"; };
		18838DE81A2328000086BF9A /* MJRefresh.h */ = {isa = PBXFileReference; fileEncoding = 4; lastKnownFileType = sourcecode.c.h; path = MJRefresh.h; sourceTree = "<group>"; };
		18838DE91A2328000086BF9A /* MJRefreshBaseView.h */ = {isa = PBXFileReference; fileEncoding = 4; lastKnownFileType = sourcecode.c.h; path = MJRefreshBaseView.h; sourceTree = "<group>"; };
		18838DEA1A2328000086BF9A /* MJRefreshBaseView.m */ = {isa = PBXFileReference; fileEncoding = 4; lastKnownFileType = sourcecode.c.objc; path = MJRefreshBaseView.m; sourceTree = "<group>"; };
		18838DEB1A2328000086BF9A /* MJRefreshConst.h */ = {isa = PBXFileReference; fileEncoding = 4; lastKnownFileType = sourcecode.c.h; path = MJRefreshConst.h; sourceTree = "<group>"; };
		18838DEC1A2328000086BF9A /* MJRefreshConst.m */ = {isa = PBXFileReference; fileEncoding = 4; lastKnownFileType = sourcecode.c.objc; path = MJRefreshConst.m; sourceTree = "<group>"; };
		18838DED1A2328000086BF9A /* MJRefreshFooterView.h */ = {isa = PBXFileReference; fileEncoding = 4; lastKnownFileType = sourcecode.c.h; path = MJRefreshFooterView.h; sourceTree = "<group>"; };
		18838DEE1A2328000086BF9A /* MJRefreshFooterView.m */ = {isa = PBXFileReference; fileEncoding = 4; lastKnownFileType = sourcecode.c.objc; path = MJRefreshFooterView.m; sourceTree = "<group>"; };
		18838DEF1A2328000086BF9A /* MJRefreshHeaderView.h */ = {isa = PBXFileReference; fileEncoding = 4; lastKnownFileType = sourcecode.c.h; path = MJRefreshHeaderView.h; sourceTree = "<group>"; };
		18838DF01A2328000086BF9A /* MJRefreshHeaderView.m */ = {isa = PBXFileReference; fileEncoding = 4; lastKnownFileType = sourcecode.c.objc; path = MJRefreshHeaderView.m; sourceTree = "<group>"; };
		18838DF11A2328000086BF9A /* UIScrollView+MJExtension.h */ = {isa = PBXFileReference; fileEncoding = 4; lastKnownFileType = sourcecode.c.h; path = "UIScrollView+MJExtension.h"; sourceTree = "<group>"; };
		18838DF21A2328000086BF9A /* UIScrollView+MJExtension.m */ = {isa = PBXFileReference; fileEncoding = 4; lastKnownFileType = sourcecode.c.objc; path = "UIScrollView+MJExtension.m"; sourceTree = "<group>"; };
		18838DF31A2328000086BF9A /* UIScrollView+MJRefresh.h */ = {isa = PBXFileReference; fileEncoding = 4; lastKnownFileType = sourcecode.c.h; path = "UIScrollView+MJRefresh.h"; sourceTree = "<group>"; };
		18838DF41A2328000086BF9A /* UIScrollView+MJRefresh.m */ = {isa = PBXFileReference; fileEncoding = 4; lastKnownFileType = sourcecode.c.objc; path = "UIScrollView+MJRefresh.m"; sourceTree = "<group>"; };
		18838DF51A2328000086BF9A /* UIView+MJExtension.h */ = {isa = PBXFileReference; fileEncoding = 4; lastKnownFileType = sourcecode.c.h; path = "UIView+MJExtension.h"; sourceTree = "<group>"; };
		18838DF61A2328000086BF9A /* UIView+MJExtension.m */ = {isa = PBXFileReference; fileEncoding = 4; lastKnownFileType = sourcecode.c.objc; path = "UIView+MJExtension.m"; sourceTree = "<group>"; };
		188847301A1ECABC00F553E6 /* 笔记.h */ = {isa = PBXFileReference; lastKnownFileType = sourcecode.c.h; path = "笔记.h"; sourceTree = "<group>"; };
		188847321A1ECE0B00F553E6 /* UIView+Frame.h */ = {isa = PBXFileReference; fileEncoding = 4; lastKnownFileType = sourcecode.c.h; path = "UIView+Frame.h"; sourceTree = "<group>"; };
		188847331A1ECE0B00F553E6 /* UIView+Frame.m */ = {isa = PBXFileReference; fileEncoding = 4; lastKnownFileType = sourcecode.c.objc; path = "UIView+Frame.m"; sourceTree = "<group>"; };
		188847351A1EDEC000F553E6 /* IWBadgeView.h */ = {isa = PBXFileReference; fileEncoding = 4; lastKnownFileType = sourcecode.c.h; path = IWBadgeView.h; sourceTree = "<group>"; };
		188847361A1EDEC000F553E6 /* IWBadgeView.m */ = {isa = PBXFileReference; fileEncoding = 4; lastKnownFileType = sourcecode.c.objc; path = IWBadgeView.m; sourceTree = "<group>"; };
		18911D241A1F243E0054ADD0 /* IWPopView.h */ = {isa = PBXFileReference; fileEncoding = 4; lastKnownFileType = sourcecode.c.h; path = IWPopView.h; sourceTree = "<group>"; };
		18911D251A1F243E0054ADD0 /* IWPopView.m */ = {isa = PBXFileReference; fileEncoding = 4; lastKnownFileType = sourcecode.c.objc; path = IWPopView.m; sourceTree = "<group>"; };
		18911D271A1F26560054ADD0 /* IWPopViewController.h */ = {isa = PBXFileReference; fileEncoding = 4; lastKnownFileType = sourcecode.c.h; path = IWPopViewController.h; sourceTree = "<group>"; };
		18911D281A1F26560054ADD0 /* IWPopViewController.m */ = {isa = PBXFileReference; fileEncoding = 4; lastKnownFileType = sourcecode.c.objc; path = IWPopViewController.m; sourceTree = "<group>"; };
		18C3E9E11A22DFD500D5C040 /* IWAccount.h */ = {isa = PBXFileReference; fileEncoding = 4; lastKnownFileType = sourcecode.c.h; path = IWAccount.h; sourceTree = "<group>"; };
		18C3E9E21A22DFD500D5C040 /* IWAccount.m */ = {isa = PBXFileReference; fileEncoding = 4; lastKnownFileType = sourcecode.c.objc; path = IWAccount.m; sourceTree = "<group>"; };
		18DF6B2C1A230A78000CF798 /* MBProgressHUD+MJ.h */ = {isa = PBXFileReference; fileEncoding = 4; lastKnownFileType = sourcecode.c.h; path = "MBProgressHUD+MJ.h"; sourceTree = "<group>"; };
		18DF6B2D1A230A78000CF798 /* MBProgressHUD+MJ.m */ = {isa = PBXFileReference; fileEncoding = 4; lastKnownFileType = sourcecode.c.objc; path = "MBProgressHUD+MJ.m"; sourceTree = "<group>"; };
		18DF6B2E1A230A78000CF798 /* MBProgressHUD.bundle */ = {isa = PBXFileReference; lastKnownFileType = "wrapper.plug-in"; path = MBProgressHUD.bundle; sourceTree = "<group>"; };
		18DF6B2F1A230A78000CF798 /* MBProgressHUD.h */ = {isa = PBXFileReference; fileEncoding = 4; lastKnownFileType = sourcecode.c.h; path = MBProgressHUD.h; sourceTree = "<group>"; };
		18DF6B301A230A78000CF798 /* MBProgressHUD.m */ = {isa = PBXFileReference; fileEncoding = 4; lastKnownFileType = sourcecode.c.objc; path = MBProgressHUD.m; sourceTree = "<group>"; };
		18DF6B361A230C72000CF798 /* IWMainTool.h */ = {isa = PBXFileReference; fileEncoding = 4; lastKnownFileType = sourcecode.c.h; path = IWMainTool.h; sourceTree = "<group>"; };
		18DF6B371A230C72000CF798 /* IWMainTool.m */ = {isa = PBXFileReference; fileEncoding = 4; lastKnownFileType = sourcecode.c.objc; path = IWMainTool.m; sourceTree = "<group>"; };
		18DF6B3A1A231362000CF798 /* IWAccountTool.h */ = {isa = PBXFileReference; fileEncoding = 4; lastKnownFileType = sourcecode.c.h; path = IWAccountTool.h; sourceTree = "<group>"; };
		18DF6B3B1A231362000CF798 /* IWAccountTool.m */ = {isa = PBXFileReference; fileEncoding = 4; lastKnownFileType = sourcecode.c.objc; path = IWAccountTool.m; sourceTree = "<group>"; };
		18DF6B3D1A231B23000CF798 /* IWStatus.h */ = {isa = PBXFileReference; fileEncoding = 4; lastKnownFileType = sourcecode.c.h; path = IWStatus.h; sourceTree = "<group>"; };
		18DF6B3E1A231B23000CF798 /* IWStatus.m */ = {isa = PBXFileReference; fileEncoding = 4; lastKnownFileType = sourcecode.c.objc; path = IWStatus.m; sourceTree = "<group>"; };
		18DF6B401A231BCE000CF798 /* IWUser.h */ = {isa = PBXFileReference; fileEncoding = 4; lastKnownFileType = sourcecode.c.h; path = IWUser.h; sourceTree = "<group>"; };
		18DF6B411A231BCE000CF798 /* IWUser.m */ = {isa = PBXFileReference; fileEncoding = 4; lastKnownFileType = sourcecode.c.objc; path = IWUser.m; sourceTree = "<group>"; };
		18DF6B431A231BE1000CF798 /* IWPhoto.h */ = {isa = PBXFileReference; fileEncoding = 4; lastKnownFileType = sourcecode.c.h; path = IWPhoto.h; sourceTree = "<group>"; };
		18DF6B441A231BE1000CF798 /* IWPhoto.m */ = {isa = PBXFileReference; fileEncoding = 4; lastKnownFileType = sourcecode.c.objc; path = IWPhoto.m; sourceTree = "<group>"; };
		18EA2D371A1D96FD0024E748 /* 新浪微博.app */ = {isa = PBXFileReference; explicitFileType = wrapper.application; includeInIndex = 0; path = "新浪微博.app"; sourceTree = BUILT_PRODUCTS_DIR; };
		18EA2D3B1A1D96FD0024E748 /* Info.plist */ = {isa = PBXFileReference; lastKnownFileType = text.plist.xml; path = Info.plist; sourceTree = "<group>"; };
		18EA2D471A1D96FE0024E748 /* Images.xcassets */ = {isa = PBXFileReference; lastKnownFileType = folder.assetcatalog; path = Images.xcassets; sourceTree = "<group>"; };
		18EA2D501A1D96FE0024E748 /* 新浪微博Tests.xctest */ = {isa = PBXFileReference; explicitFileType = wrapper.cfbundle; includeInIndex = 0; path = "新浪微博Tests.xctest"; sourceTree = BUILT_PRODUCTS_DIR; };
		18EA2D551A1D96FE0024E748 /* Info.plist */ = {isa = PBXFileReference; lastKnownFileType = text.plist.xml; path = Info.plist; sourceTree = "<group>"; };
		18EA2D561A1D96FE0024E748 /* ____Tests.m */ = {isa = PBXFileReference; lastKnownFileType = sourcecode.c.objc; path = "____Tests.m"; sourceTree = "<group>"; };
		18EA2D681A1DC0A30024E748 /* IWTabBarController.h */ = {isa = PBXFileReference; fileEncoding = 4; lastKnownFileType = sourcecode.c.h; path = IWTabBarController.h; sourceTree = "<group>"; };
		18EA2D691A1DC0A30024E748 /* IWTabBarController.m */ = {isa = PBXFileReference; fileEncoding = 4; lastKnownFileType = sourcecode.c.objc; path = IWTabBarController.m; sourceTree = "<group>"; };
		18EA2D6D1A1DC0A30024E748 /* AppDelegate.h */ = {isa = PBXFileReference; fileEncoding = 4; lastKnownFileType = sourcecode.c.h; path = AppDelegate.h; sourceTree = "<group>"; };
		18EA2D6E1A1DC0A30024E748 /* AppDelegate.m */ = {isa = PBXFileReference; fileEncoding = 4; lastKnownFileType = sourcecode.c.objc; path = AppDelegate.m; sourceTree = "<group>"; };
		18EA2D6F1A1DC0A30024E748 /* main.m */ = {isa = PBXFileReference; fileEncoding = 4; lastKnownFileType = sourcecode.c.objc; path = main.m; sourceTree = "<group>"; };
		18EA2D701A1DC0A30024E748 /* 新浪微博.pch */ = {isa = PBXFileReference; fileEncoding = 4; lastKnownFileType = sourcecode.c.h; path = "新浪微博.pch"; sourceTree = "<group>"; };
		18EA2D841A1DC1CF0024E748 /* IWDiscoverViewController.h */ = {isa = PBXFileReference; fileEncoding = 4; lastKnownFileType = sourcecode.c.h; path = IWDiscoverViewController.h; sourceTree = "<group>"; };
		18EA2D851A1DC1CF0024E748 /* IWDiscoverViewController.m */ = {isa = PBXFileReference; fileEncoding = 4; lastKnownFileType = sourcecode.c.objc; path = IWDiscoverViewController.m; sourceTree = "<group>"; };
		18EA2D871A1DC1DB0024E748 /* IWHomeViewController.h */ = {isa = PBXFileReference; fileEncoding = 4; lastKnownFileType = sourcecode.c.h; path = IWHomeViewController.h; sourceTree = "<group>"; };
		18EA2D881A1DC1DB0024E748 /* IWHomeViewController.m */ = {isa = PBXFileReference; fileEncoding = 4; lastKnownFileType = sourcecode.c.objc; path = IWHomeViewController.m; sourceTree = "<group>"; };
		18EA2D8A1A1DC1E80024E748 /* IWMessageViewController.h */ = {isa = PBXFileReference; fileEncoding = 4; lastKnownFileType = sourcecode.c.h; path = IWMessageViewController.h; sourceTree = "<group>"; };
		18EA2D8B1A1DC1E80024E748 /* IWMessageViewController.m */ = {isa = PBXFileReference; fileEncoding = 4; lastKnownFileType = sourcecode.c.objc; path = IWMessageViewController.m; sourceTree = "<group>"; };
		18EA2D8D1A1DC1F20024E748 /* IWProfileViewController.h */ = {isa = PBXFileReference; fileEncoding = 4; lastKnownFileType = sourcecode.c.h; path = IWProfileViewController.h; sourceTree = "<group>"; };
		18EA2D8E1A1DC1F20024E748 /* IWProfileViewController.m */ = {isa = PBXFileReference; fileEncoding = 4; lastKnownFileType = sourcecode.c.objc; path = IWProfileViewController.m; sourceTree = "<group>"; };
		18EA2DC81A1DCE5C0024E748 /* IWTabBar.h */ = {isa = PBXFileReference; fileEncoding = 4; lastKnownFileType = sourcecode.c.h; path = IWTabBar.h; sourceTree = "<group>"; };
		18EA2DC91A1DCE5C0024E748 /* IWTabBar.m */ = {isa = PBXFileReference; fileEncoding = 4; lastKnownFileType = sourcecode.c.objc; path = IWTabBar.m; sourceTree = "<group>"; };
		18EA2DCB1A1DE1900024E748 /* IWTabBarButton.h */ = {isa = PBXFileReference; fileEncoding = 4; lastKnownFileType = sourcecode.c.h; path = IWTabBarButton.h; sourceTree = "<group>"; };
		18EA2DCC1A1DE1900024E748 /* IWTabBarButton.m */ = {isa = PBXFileReference; fileEncoding = 4; lastKnownFileType = sourcecode.c.objc; path = IWTabBarButton.m; sourceTree = "<group>"; };
		18FEAA741A22CF62008498D7 /* IWOAuthViewController.h */ = {isa = PBXFileReference; fileEncoding = 4; lastKnownFileType = sourcecode.c.h; path = IWOAuthViewController.h; sourceTree = "<group>"; };
		18FEAA751A22CF62008498D7 /* IWOAuthViewController.m */ = {isa = PBXFileReference; fileEncoding = 4; lastKnownFileType = sourcecode.c.objc; path = IWOAuthViewController.m; sourceTree = "<group>"; };
		18FEAA791A22D5B8008498D7 /* AFHTTPRequestOperation.h */ = {isa = PBXFileReference; fileEncoding = 4; lastKnownFileType = sourcecode.c.h; path = AFHTTPRequestOperation.h; sourceTree = "<group>"; };
		18FEAA7A1A22D5B8008498D7 /* AFHTTPRequestOperation.m */ = {isa = PBXFileReference; fileEncoding = 4; lastKnownFileType = sourcecode.c.objc; path = AFHTTPRequestOperation.m; sourceTree = "<group>"; };
		18FEAA7B1A22D5B8008498D7 /* AFHTTPRequestOperationManager.h */ = {isa = PBXFileReference; fileEncoding = 4; lastKnownFileType = sourcecode.c.h; path = AFHTTPRequestOperationManager.h; sourceTree = "<group>"; };
		18FEAA7C1A22D5B8008498D7 /* AFHTTPRequestOperationManager.m */ = {isa = PBXFileReference; fileEncoding = 4; lastKnownFileType = sourcecode.c.objc; path = AFHTTPRequestOperationManager.m; sourceTree = "<group>"; };
		18FEAA7D1A22D5B8008498D7 /* AFHTTPSessionManager.h */ = {isa = PBXFileReference; fileEncoding = 4; lastKnownFileType = sourcecode.c.h; path = AFHTTPSessionManager.h; sourceTree = "<group>"; };
		18FEAA7E1A22D5B8008498D7 /* AFHTTPSessionManager.m */ = {isa = PBXFileReference; fileEncoding = 4; lastKnownFileType = sourcecode.c.objc; path = AFHTTPSessionManager.m; sourceTree = "<group>"; };
		18FEAA7F1A22D5B8008498D7 /* AFNetworking.h */ = {isa = PBXFileReference; fileEncoding = 4; lastKnownFileType = sourcecode.c.h; path = AFNetworking.h; sourceTree = "<group>"; };
		18FEAA801A22D5B8008498D7 /* AFNetworkReachabilityManager.h */ = {isa = PBXFileReference; fileEncoding = 4; lastKnownFileType = sourcecode.c.h; path = AFNetworkReachabilityManager.h; sourceTree = "<group>"; };
		18FEAA811A22D5B8008498D7 /* AFNetworkReachabilityManager.m */ = {isa = PBXFileReference; fileEncoding = 4; lastKnownFileType = sourcecode.c.objc; path = AFNetworkReachabilityManager.m; sourceTree = "<group>"; };
		18FEAA821A22D5B8008498D7 /* AFSecurityPolicy.h */ = {isa = PBXFileReference; fileEncoding = 4; lastKnownFileType = sourcecode.c.h; path = AFSecurityPolicy.h; sourceTree = "<group>"; };
		18FEAA831A22D5B8008498D7 /* AFSecurityPolicy.m */ = {isa = PBXFileReference; fileEncoding = 4; lastKnownFileType = sourcecode.c.objc; path = AFSecurityPolicy.m; sourceTree = "<group>"; };
		18FEAA841A22D5B8008498D7 /* AFURLConnectionOperation.h */ = {isa = PBXFileReference; fileEncoding = 4; lastKnownFileType = sourcecode.c.h; path = AFURLConnectionOperation.h; sourceTree = "<group>"; };
		18FEAA851A22D5B8008498D7 /* AFURLConnectionOperation.m */ = {isa = PBXFileReference; fileEncoding = 4; lastKnownFileType = sourcecode.c.objc; path = AFURLConnectionOperation.m; sourceTree = "<group>"; };
		18FEAA861A22D5B8008498D7 /* AFURLRequestSerialization.h */ = {isa = PBXFileReference; fileEncoding = 4; lastKnownFileType = sourcecode.c.h; path = AFURLRequestSerialization.h; sourceTree = "<group>"; };
		18FEAA871A22D5B8008498D7 /* AFURLRequestSerialization.m */ = {isa = PBXFileReference; fileEncoding = 4; lastKnownFileType = sourcecode.c.objc; path = AFURLRequestSerialization.m; sourceTree = "<group>"; };
		18FEAA881A22D5B8008498D7 /* AFURLResponseSerialization.h */ = {isa = PBXFileReference; fileEncoding = 4; lastKnownFileType = sourcecode.c.h; path = AFURLResponseSerialization.h; sourceTree = "<group>"; };
		18FEAA891A22D5B8008498D7 /* AFURLResponseSerialization.m */ = {isa = PBXFileReference; fileEncoding = 4; lastKnownFileType = sourcecode.c.objc; path = AFURLResponseSerialization.m; sourceTree = "<group>"; };
		18FEAA8A1A22D5B8008498D7 /* AFURLSessionManager.h */ = {isa = PBXFileReference; fileEncoding = 4; lastKnownFileType = sourcecode.c.h; path = AFURLSessionManager.h; sourceTree = "<group>"; };
		18FEAA8B1A22D5B8008498D7 /* AFURLSessionManager.m */ = {isa = PBXFileReference; fileEncoding = 4; lastKnownFileType = sourcecode.c.objc; path = AFURLSessionManager.m; sourceTree = "<group>"; };
/* End PBXFileReference section */

/* Begin PBXFrameworksBuildPhase section */
		18EA2D341A1D96FD0024E748 /* Frameworks */ = {
			isa = PBXFrameworksBuildPhase;
			buildActionMask = 2147483647;
			files = (
			);
			runOnlyForDeploymentPostprocessing = 0;
		};
		18EA2D4D1A1D96FE0024E748 /* Frameworks */ = {
			isa = PBXFrameworksBuildPhase;
			buildActionMask = 2147483647;
			files = (
			);
			runOnlyForDeploymentPostprocessing = 0;
		};
/* End PBXFrameworksBuildPhase section */

/* Begin PBXGroup section */
		18242DEA1A2321660087DF7C /* MJExtension */ = {
			isa = PBXGroup;
			children = (
				18242DEB1A2321660087DF7C /* MJArgument.h */,
				18242DEC1A2321660087DF7C /* MJArgument.m */,
				18242DED1A2321660087DF7C /* MJConst.h */,
				18242DEE1A2321660087DF7C /* MJConst.m */,
				18242DEF1A2321660087DF7C /* MJExtension.h */,
				18242DF01A2321660087DF7C /* MJFoundation.h */,
				18242DF11A2321660087DF7C /* MJFoundation.m */,
				18242DF21A2321660087DF7C /* MJIvar.h */,
				18242DF31A2321660087DF7C /* MJIvar.m */,
				18242DF41A2321660087DF7C /* MJMember.h */,
				18242DF51A2321660087DF7C /* MJMember.m */,
				18242DF61A2321660087DF7C /* MJMethod.h */,
				18242DF71A2321660087DF7C /* MJMethod.m */,
				18242DF81A2321660087DF7C /* MJType.h */,
				18242DF91A2321660087DF7C /* MJType.m */,
				18242DFA1A2321660087DF7C /* MJTypeEncoding.h */,
				18242DFB1A2321660087DF7C /* MJTypeEncoding.m */,
				18242DFC1A2321660087DF7C /* NSObject+MJCoding.h */,
				18242DFD1A2321660087DF7C /* NSObject+MJCoding.m */,
				18242DFE1A2321660087DF7C /* NSObject+MJKeyValue.h */,
				18242DFF1A2321660087DF7C /* NSObject+MJKeyValue.m */,
				18242E001A2321660087DF7C /* NSObject+MJMember.h */,
				18242E011A2321660087DF7C /* NSObject+MJMember.m */,
			);
			path = MJExtension;
			sourceTree = "<group>";
		};
		1837888D1A21C17F00B65B7B /* NewFeature(新特性) */ = {
			isa = PBXGroup;
			children = (
				1837888E1A21C17F00B65B7B /* Controller */,
				1837888F1A21C17F00B65B7B /* Model */,
				183788901A21C17F00B65B7B /* View */,
			);
			path = "NewFeature(新特性)";
			sourceTree = "<group>";
		};
		1837888E1A21C17F00B65B7B /* Controller */ = {
			isa = PBXGroup;
			children = (
				183788911A21C19C00B65B7B /* IWNewFeatureViewController.h */,
				183788921A21C19C00B65B7B /* IWNewFeatureViewController.m */,
			);
			path = Controller;
			sourceTree = "<group>";
		};
		1837888F1A21C17F00B65B7B /* Model */ = {
			isa = PBXGroup;
			children = (
			);
			path = Model;
			sourceTree = "<group>";
		};
		183788901A21C17F00B65B7B /* View */ = {
			isa = PBXGroup;
			children = (
				183788941A21C60500B65B7B /* IWNewFeatureCell.h */,
				183788951A21C60500B65B7B /* IWNewFeatureCell.m */,
			);
			path = View;
			sourceTree = "<group>";
		};
		18838DB41A2325360086BF9A /* SDWebImage */ = {
			isa = PBXGroup;
			children = (
				18838DB51A2325360086BF9A /* MKAnnotationView+WebCache.h */,
				18838DB61A2325360086BF9A /* MKAnnotationView+WebCache.m */,
				18838DB71A2325360086BF9A /* NSData+ImageContentType.h */,
				18838DB81A2325360086BF9A /* NSData+ImageContentType.m */,
				18838DB91A2325360086BF9A /* SDImageCache.h */,
				18838DBA1A2325360086BF9A /* SDImageCache.m */,
				18838DBB1A2325360086BF9A /* SDWebImageCompat.h */,
				18838DBC1A2325360086BF9A /* SDWebImageCompat.m */,
				18838DBD1A2325360086BF9A /* SDWebImageDecoder.h */,
				18838DBE1A2325360086BF9A /* SDWebImageDecoder.m */,
				18838DBF1A2325360086BF9A /* SDWebImageDownloader.h */,
				18838DC01A2325360086BF9A /* SDWebImageDownloader.m */,
				18838DC11A2325360086BF9A /* SDWebImageDownloaderOperation.h */,
				18838DC21A2325360086BF9A /* SDWebImageDownloaderOperation.m */,
				18838DC31A2325360086BF9A /* SDWebImageManager.h */,
				18838DC41A2325360086BF9A /* SDWebImageManager.m */,
				18838DC51A2325360086BF9A /* SDWebImageOperation.h */,
				18838DC61A2325360086BF9A /* SDWebImagePrefetcher.h */,
				18838DC71A2325360086BF9A /* SDWebImagePrefetcher.m */,
				18838DC81A2325360086BF9A /* UIButton+WebCache.h */,
				18838DC91A2325360086BF9A /* UIButton+WebCache.m */,
				18838DCA1A2325360086BF9A /* UIImage+GIF.h */,
				18838DCB1A2325360086BF9A /* UIImage+GIF.m */,
				18838DCC1A2325360086BF9A /* UIImage+MultiFormat.h */,
				18838DCD1A2325360086BF9A /* UIImage+MultiFormat.m */,
				18838DCE1A2325360086BF9A /* UIImage+WebP.h */,
				18838DCF1A2325360086BF9A /* UIImage+WebP.m */,
				18838DD01A2325360086BF9A /* UIImageView+HighlightedWebCache.h */,
				18838DD11A2325360086BF9A /* UIImageView+HighlightedWebCache.m */,
				18838DD21A2325360086BF9A /* UIImageView+WebCache.h */,
				18838DD31A2325360086BF9A /* UIImageView+WebCache.m */,
				18838DD41A2325360086BF9A /* UIView+WebCacheOperation.h */,
				18838DD51A2325360086BF9A /* UIView+WebCacheOperation.m */,
			);
			path = SDWebImage;
			sourceTree = "<group>";
		};
		18838DE61A2328000086BF9A /* MJRefresh */ = {
			isa = PBXGroup;
			children = (
				18838DE71A2328000086BF9A /* MJRefresh.bundle */,
				18838DE81A2328000086BF9A /* MJRefresh.h */,
				18838DE91A2328000086BF9A /* MJRefreshBaseView.h */,
				18838DEA1A2328000086BF9A /* MJRefreshBaseView.m */,
				18838DEB1A2328000086BF9A /* MJRefreshConst.h */,
				18838DEC1A2328000086BF9A /* MJRefreshConst.m */,
				18838DED1A2328000086BF9A /* MJRefreshFooterView.h */,
				18838DEE1A2328000086BF9A /* MJRefreshFooterView.m */,
				18838DEF1A2328000086BF9A /* MJRefreshHeaderView.h */,
				18838DF01A2328000086BF9A /* MJRefreshHeaderView.m */,
				18838DF11A2328000086BF9A /* UIScrollView+MJExtension.h */,
				18838DF21A2328000086BF9A /* UIScrollView+MJExtension.m */,
				18838DF31A2328000086BF9A /* UIScrollView+MJRefresh.h */,
				18838DF41A2328000086BF9A /* UIScrollView+MJRefresh.m */,
				18838DF51A2328000086BF9A /* UIView+MJExtension.h */,
				18838DF61A2328000086BF9A /* UIView+MJExtension.m */,
			);
			path = MJRefresh;
			sourceTree = "<group>";
		};
		188847311A1ECDEB00F553E6 /* Category */ = {
			isa = PBXGroup;
			children = (
				188847321A1ECE0B00F553E6 /* UIView+Frame.h */,
				188847331A1ECE0B00F553E6 /* UIView+Frame.m */,
				182CEA991A1F125800547122 /* UIBarButtonItem+Create.h */,
				182CEA9A1A1F125800547122 /* UIBarButtonItem+Create.m */,
				182CEA9F1A1F15A800547122 /* UIImage+image.h */,
				182CEAA01A1F15A800547122 /* UIImage+image.m */,
			);
			path = Category;
			sourceTree = "<group>";
		};
		18DF6B2B1A230A78000CF798 /* MBProgressHUD */ = {
			isa = PBXGroup;
			children = (
				18DF6B2C1A230A78000CF798 /* MBProgressHUD+MJ.h */,
				18DF6B2D1A230A78000CF798 /* MBProgressHUD+MJ.m */,
				18DF6B2E1A230A78000CF798 /* MBProgressHUD.bundle */,
				18DF6B2F1A230A78000CF798 /* MBProgressHUD.h */,
				18DF6B301A230A78000CF798 /* MBProgressHUD.m */,
			);
			path = MBProgressHUD;
			sourceTree = "<group>";
		};
		18DF6B341A230C65000CF798 /* Tool(业务逻辑类) */ = {
			isa = PBXGroup;
			children = (
				18DF6B391A231357000CF798 /* Account */,
				18DF6B351A230C65000CF798 /* Main */,
			);
			path = "Tool(业务逻辑类)";
			sourceTree = "<group>";
		};
		18DF6B351A230C65000CF798 /* Main */ = {
			isa = PBXGroup;
			children = (
				18DF6B361A230C72000CF798 /* IWMainTool.h */,
				18DF6B371A230C72000CF798 /* IWMainTool.m */,
			);
			path = Main;
			sourceTree = "<group>";
		};
		18DF6B391A231357000CF798 /* Account */ = {
			isa = PBXGroup;
			children = (
				18DF6B3A1A231362000CF798 /* IWAccountTool.h */,
				18DF6B3B1A231362000CF798 /* IWAccountTool.m */,
			);
			path = Account;
			sourceTree = "<group>";
		};
		18EA2D2E1A1D96FD0024E748 = {
			isa = PBXGroup;
			children = (
				188847301A1ECABC00F553E6 /* 笔记.h */,
				18EA2D391A1D96FD0024E748 /* 新浪微博 */,
				18EA2D531A1D96FE0024E748 /* 新浪微博Tests */,
				18EA2D381A1D96FD0024E748 /* Products */,
			);
			sourceTree = "<group>";
		};
		18EA2D381A1D96FD0024E748 /* Products */ = {
			isa = PBXGroup;
			children = (
				18EA2D371A1D96FD0024E748 /* 新浪微博.app */,
				18EA2D501A1D96FE0024E748 /* 新浪微博Tests.xctest */,
			);
			name = Products;
			sourceTree = "<group>";
		};
		18EA2D391A1D96FD0024E748 /* 新浪微博 */ = {
			isa = PBXGroup;
			children = (
				18EA2D651A1DC0A30024E748 /* Classes */,
				18EA2D471A1D96FE0024E748 /* Images.xcassets */,
				18EA2D3A1A1D96FD0024E748 /* Supporting Files */,
			);
			path = "新浪微博";
			sourceTree = "<group>";
		};
		18EA2D3A1A1D96FD0024E748 /* Supporting Files */ = {
			isa = PBXGroup;
			children = (
				18EA2D3B1A1D96FD0024E748 /* Info.plist */,
			);
			name = "Supporting Files";
			sourceTree = "<group>";
		};
		18EA2D531A1D96FE0024E748 /* 新浪微博Tests */ = {
			isa = PBXGroup;
			children = (
				18EA2D561A1D96FE0024E748 /* ____Tests.m */,
				18EA2D541A1D96FE0024E748 /* Supporting Files */,
			);
			path = "新浪微博Tests";
			sourceTree = "<group>";
		};
		18EA2D541A1D96FE0024E748 /* Supporting Files */ = {
			isa = PBXGroup;
			children = (
				18EA2D551A1D96FE0024E748 /* Info.plist */,
			);
			name = "Supporting Files";
			sourceTree = "<group>";
		};
		18EA2D651A1DC0A30024E748 /* Classes */ = {
			isa = PBXGroup;
			children = (
				18DF6B341A230C65000CF798 /* Tool(业务逻辑类) */,
				18FEAA701A22CF38008498D7 /* OAuth(授权) */,
				1837888D1A21C17F00B65B7B /* NewFeature(新特性) */,
				18EA2D741A1DC19D0024E748 /* Discover(广场) */,
				18EA2D781A1DC19D0024E748 /* Home(首页) */,
				18EA2D7C1A1DC19D0024E748 /* Message(消息) */,
				18EA2D801A1DC19D0024E748 /* Profile(我) */,
				18EA2D661A1DC0A30024E748 /* Main */,
				18EA2D6C1A1DC0A30024E748 /* Other */,
			);
			path = Classes;
			sourceTree = "<group>";
		};
		18EA2D661A1DC0A30024E748 /* Main */ = {
			isa = PBXGroup;
			children = (
				18EA2D671A1DC0A30024E748 /* Controller */,
				18EA2D6A1A1DC0A30024E748 /* Model */,
				18EA2D6B1A1DC0A30024E748 /* View */,
			);
			path = Main;
			sourceTree = "<group>";
		};
		18EA2D671A1DC0A30024E748 /* Controller */ = {
			isa = PBXGroup;
			children = (
				18EA2D681A1DC0A30024E748 /* IWTabBarController.h */,
				18EA2D691A1DC0A30024E748 /* IWTabBarController.m */,
				187298F51A21814F0030F3CD /* IWNavigationController.h */,
				187298F61A21814F0030F3CD /* IWNavigationController.m */,
			);
			path = Controller;
			sourceTree = "<group>";
		};
		18EA2D6A1A1DC0A30024E748 /* Model */ = {
			isa = PBXGroup;
			children = (
			);
			path = Model;
			sourceTree = "<group>";
		};
		18EA2D6B1A1DC0A30024E748 /* View */ = {
			isa = PBXGroup;
			children = (
				18EA2DC81A1DCE5C0024E748 /* IWTabBar.h */,
				18EA2DC91A1DCE5C0024E748 /* IWTabBar.m */,
				18EA2DCB1A1DE1900024E748 /* IWTabBarButton.h */,
				18EA2DCC1A1DE1900024E748 /* IWTabBarButton.m */,
				188847351A1EDEC000F553E6 /* IWBadgeView.h */,
				188847361A1EDEC000F553E6 /* IWBadgeView.m */,
			);
			path = View;
			sourceTree = "<group>";
		};
		18EA2D6C1A1DC0A30024E748 /* Other */ = {
			isa = PBXGroup;
			children = (
				18FEAA771A22D5B8008498D7 /* Lib */,
				188847311A1ECDEB00F553E6 /* Category */,
				18EA2D6D1A1DC0A30024E748 /* AppDelegate.h */,
				18EA2D6E1A1DC0A30024E748 /* AppDelegate.m */,
				18EA2D6F1A1DC0A30024E748 /* main.m */,
				18EA2D701A1DC0A30024E748 /* 新浪微博.pch */,
			);
			path = Other;
			sourceTree = "<group>";
		};
		18EA2D741A1DC19D0024E748 /* Discover(广场) */ = {
			isa = PBXGroup;
			children = (
				18EA2D751A1DC19D0024E748 /* Controller */,
				18EA2D761A1DC19D0024E748 /* Model */,
				18EA2D771A1DC19D0024E748 /* View */,
			);
			path = "Discover(广场)";
			sourceTree = "<group>";
		};
		18EA2D751A1DC19D0024E748 /* Controller */ = {
			isa = PBXGroup;
			children = (
				18EA2D841A1DC1CF0024E748 /* IWDiscoverViewController.h */,
				18EA2D851A1DC1CF0024E748 /* IWDiscoverViewController.m */,
			);
			path = Controller;
			sourceTree = "<group>";
		};
		18EA2D761A1DC19D0024E748 /* Model */ = {
			isa = PBXGroup;
			children = (
			);
			path = Model;
			sourceTree = "<group>";
		};
		18EA2D771A1DC19D0024E748 /* View */ = {
			isa = PBXGroup;
			children = (
				187298F81A218BA90030F3CD /* IWSearchBar.h */,
				187298F91A218BA90030F3CD /* IWSearchBar.m */,
			);
			path = View;
			sourceTree = "<group>";
		};
		18EA2D781A1DC19D0024E748 /* Home(首页) */ = {
			isa = PBXGroup;
			children = (
				18EA2D791A1DC19D0024E748 /* Controller */,
				18EA2D7A1A1DC19D0024E748 /* Model */,
				18EA2D7B1A1DC19D0024E748 /* View */,
			);
			path = "Home(首页)";
			sourceTree = "<group>";
		};
		18EA2D791A1DC19D0024E748 /* Controller */ = {
			isa = PBXGroup;
			children = (
				18EA2D871A1DC1DB0024E748 /* IWHomeViewController.h */,
				18EA2D881A1DC1DB0024E748 /* IWHomeViewController.m */,
				18911D271A1F26560054ADD0 /* IWPopViewController.h */,
				18911D281A1F26560054ADD0 /* IWPopViewController.m */,
				187298FB1A218CC90030F3CD /* IWOneViewController.h */,
				187298FC1A218CC90030F3CD /* IWOneViewController.m */,
				187298FE1A218CE70030F3CD /* IWOneViewController.xib */,
				187299001A21904E0030F3CD /* IWTwoViewController.h */,
				187299011A21904E0030F3CD /* IWTwoViewController.m */,
			);
			path = Controller;
			sourceTree = "<group>";
		};
		18EA2D7A1A1DC19D0024E748 /* Model */ = {
			isa = PBXGroup;
			children = (
				18DF6B3D1A231B23000CF798 /* IWStatus.h */,
				18DF6B3E1A231B23000CF798 /* IWStatus.m */,
				18DF6B401A231BCE000CF798 /* IWUser.h */,
				18DF6B411A231BCE000CF798 /* IWUser.m */,
				18DF6B431A231BE1000CF798 /* IWPhoto.h */,
				18DF6B441A231BE1000CF798 /* IWPhoto.m */,
			);
			path = Model;
			sourceTree = "<group>";
		};
		18EA2D7B1A1DC19D0024E748 /* View */ = {
			isa = PBXGroup;
			children = (
				182CEA9C1A1F13AD00547122 /* IWTitleButton.h */,
				182CEA9D1A1F13AD00547122 /* IWTitleButton.m */,
				18911D241A1F243E0054ADD0 /* IWPopView.h */,
				18911D251A1F243E0054ADD0 /* IWPopView.m */,
				185486B71A1F2D750042D212 /* IWCover.h */,
				185486B81A1F2D750042D212 /* IWCover.m */,
			);
			path = View;
			sourceTree = "<group>";
		};
		18EA2D7C1A1DC19D0024E748 /* Message(消息) */ = {
			isa = PBXGroup;
			children = (
				18EA2D7D1A1DC19D0024E748 /* Controller */,
				18EA2D7E1A1DC19D0024E748 /* Model */,
				18EA2D7F1A1DC19D0024E748 /* View */,
			);
			path = "Message(消息)";
			sourceTree = "<group>";
		};
		18EA2D7D1A1DC19D0024E748 /* Controller */ = {
			isa = PBXGroup;
			children = (
				18EA2D8A1A1DC1E80024E748 /* IWMessageViewController.h */,
				18EA2D8B1A1DC1E80024E748 /* IWMessageViewController.m */,
			);
			path = Controller;
			sourceTree = "<group>";
		};
		18EA2D7E1A1DC19D0024E748 /* Model */ = {
			isa = PBXGroup;
			children = (
			);
			path = Model;
			sourceTree = "<group>";
		};
		18EA2D7F1A1DC19D0024E748 /* View */ = {
			isa = PBXGroup;
			children = (
			);
			path = View;
			sourceTree = "<group>";
		};
		18EA2D801A1DC19D0024E748 /* Profile(我) */ = {
			isa = PBXGroup;
			children = (
				18EA2D811A1DC19D0024E748 /* Controller */,
				18EA2D821A1DC19D0024E748 /* Model */,
				18EA2D831A1DC19D0024E748 /* View */,
			);
			path = "Profile(我)";
			sourceTree = "<group>";
		};
		18EA2D811A1DC19D0024E748 /* Controller */ = {
			isa = PBXGroup;
			children = (
				18EA2D8D1A1DC1F20024E748 /* IWProfileViewController.h */,
				18EA2D8E1A1DC1F20024E748 /* IWProfileViewController.m */,
			);
			path = Controller;
			sourceTree = "<group>";
		};
		18EA2D821A1DC19D0024E748 /* Model */ = {
			isa = PBXGroup;
			children = (
			);
			path = Model;
			sourceTree = "<group>";
		};
		18EA2D831A1DC19D0024E748 /* View */ = {
			isa = PBXGroup;
			children = (
			);
			path = View;
			sourceTree = "<group>";
		};
		18FEAA701A22CF38008498D7 /* OAuth(授权) */ = {
			isa = PBXGroup;
			children = (
				18FEAA711A22CF38008498D7 /* Controller */,
				18FEAA721A22CF38008498D7 /* Model */,
				18FEAA731A22CF38008498D7 /* View */,
			);
			path = "OAuth(授权)";
			sourceTree = "<group>";
		};
		18FEAA711A22CF38008498D7 /* Controller */ = {
			isa = PBXGroup;
			children = (
				18FEAA741A22CF62008498D7 /* IWOAuthViewController.h */,
				18FEAA751A22CF62008498D7 /* IWOAuthViewController.m */,
			);
			path = Controller;
			sourceTree = "<group>";
		};
		18FEAA721A22CF38008498D7 /* Model */ = {
			isa = PBXGroup;
			children = (
				18C3E9E11A22DFD500D5C040 /* IWAccount.h */,
				18C3E9E21A22DFD500D5C040 /* IWAccount.m */,
			);
			path = Model;
			sourceTree = "<group>";
		};
		18FEAA731A22CF38008498D7 /* View */ = {
			isa = PBXGroup;
			children = (
			);
			path = View;
			sourceTree = "<group>";
		};
		18FEAA771A22D5B8008498D7 /* Lib */ = {
			isa = PBXGroup;
			children = (
				18838DE61A2328000086BF9A /* MJRefresh */,
				18838DB41A2325360086BF9A /* SDWebImage */,
				18242DEA1A2321660087DF7C /* MJExtension */,
				18DF6B2B1A230A78000CF798 /* MBProgressHUD */,
				18FEAA781A22D5B8008498D7 /* AFNetworking */,
			);
			path = Lib;
			sourceTree = "<group>";
		};
		18FEAA781A22D5B8008498D7 /* AFNetworking */ = {
			isa = PBXGroup;
			children = (
				18FEAA791A22D5B8008498D7 /* AFHTTPRequestOperation.h */,
				18FEAA7A1A22D5B8008498D7 /* AFHTTPRequestOperation.m */,
				18FEAA7B1A22D5B8008498D7 /* AFHTTPRequestOperationManager.h */,
				18FEAA7C1A22D5B8008498D7 /* AFHTTPRequestOperationManager.m */,
				18FEAA7D1A22D5B8008498D7 /* AFHTTPSessionManager.h */,
				18FEAA7E1A22D5B8008498D7 /* AFHTTPSessionManager.m */,
				18FEAA7F1A22D5B8008498D7 /* AFNetworking.h */,
				18FEAA801A22D5B8008498D7 /* AFNetworkReachabilityManager.h */,
				18FEAA811A22D5B8008498D7 /* AFNetworkReachabilityManager.m */,
				18FEAA821A22D5B8008498D7 /* AFSecurityPolicy.h */,
				18FEAA831A22D5B8008498D7 /* AFSecurityPolicy.m */,
				18FEAA841A22D5B8008498D7 /* AFURLConnectionOperation.h */,
				18FEAA851A22D5B8008498D7 /* AFURLConnectionOperation.m */,
				18FEAA861A22D5B8008498D7 /* AFURLRequestSerialization.h */,
				18FEAA871A22D5B8008498D7 /* AFURLRequestSerialization.m */,
				18FEAA881A22D5B8008498D7 /* AFURLResponseSerialization.h */,
				18FEAA891A22D5B8008498D7 /* AFURLResponseSerialization.m */,
				18FEAA8A1A22D5B8008498D7 /* AFURLSessionManager.h */,
				18FEAA8B1A22D5B8008498D7 /* AFURLSessionManager.m */,
			);
			path = AFNetworking;
			sourceTree = "<group>";
		};
/* End PBXGroup section */

/* Begin PBXNativeTarget section */
		18EA2D361A1D96FD0024E748 /* 新浪微博 */ = {
			isa = PBXNativeTarget;
			buildConfigurationList = 18EA2D5A1A1D96FE0024E748 /* Build configuration list for PBXNativeTarget "新浪微博" */;
			buildPhases = (
				18EA2D331A1D96FD0024E748 /* Sources */,
				18EA2D341A1D96FD0024E748 /* Frameworks */,
				18EA2D351A1D96FD0024E748 /* Resources */,
			);
			buildRules = (
			);
			dependencies = (
			);
			name = "新浪微博";
			productName = "新浪微博";
			productReference = 18EA2D371A1D96FD0024E748 /* 新浪微博.app */;
			productType = "com.apple.product-type.application";
		};
		18EA2D4F1A1D96FE0024E748 /* 新浪微博Tests */ = {
			isa = PBXNativeTarget;
			buildConfigurationList = 18EA2D5D1A1D96FE0024E748 /* Build configuration list for PBXNativeTarget "新浪微博Tests" */;
			buildPhases = (
				18EA2D4C1A1D96FE0024E748 /* Sources */,
				18EA2D4D1A1D96FE0024E748 /* Frameworks */,
				18EA2D4E1A1D96FE0024E748 /* Resources */,
			);
			buildRules = (
			);
			dependencies = (
				18EA2D521A1D96FE0024E748 /* PBXTargetDependency */,
			);
			name = "新浪微博Tests";
			productName = "新浪微博Tests";
			productReference = 18EA2D501A1D96FE0024E748 /* 新浪微博Tests.xctest */;
			productType = "com.apple.product-type.bundle.unit-test";
		};
/* End PBXNativeTarget section */

/* Begin PBXProject section */
		18EA2D2F1A1D96FD0024E748 /* Project object */ = {
			isa = PBXProject;
			attributes = {
				CLASSPREFIX = IW;
				LastUpgradeCheck = 0610;
				ORGANIZATIONNAME = itcast;
				TargetAttributes = {
					18EA2D361A1D96FD0024E748 = {
						CreatedOnToolsVersion = 6.1;
					};
					18EA2D4F1A1D96FE0024E748 = {
						CreatedOnToolsVersion = 6.1;
						TestTargetID = 18EA2D361A1D96FD0024E748;
					};
				};
			};
			buildConfigurationList = 18EA2D321A1D96FD0024E748 /* Build configuration list for PBXProject "新浪微博" */;
			compatibilityVersion = "Xcode 3.2";
			developmentRegion = English;
			hasScannedForEncodings = 0;
			knownRegions = (
				en,
				Base,
			);
			mainGroup = 18EA2D2E1A1D96FD0024E748;
			productRefGroup = 18EA2D381A1D96FD0024E748 /* Products */;
			projectDirPath = "";
			projectRoot = "";
			targets = (
				18EA2D361A1D96FD0024E748 /* 新浪微博 */,
				18EA2D4F1A1D96FE0024E748 /* 新浪微博Tests */,
			);
		};
/* End PBXProject section */

/* Begin PBXResourcesBuildPhase section */
		18EA2D351A1D96FD0024E748 /* Resources */ = {
			isa = PBXResourcesBuildPhase;
			buildActionMask = 2147483647;
			files = (
				18EA2D481A1D96FE0024E748 /* Images.xcassets in Resources */,
				187298FF1A218CE70030F3CD /* IWOneViewController.xib in Resources */,
				18838DF71A2328000086BF9A /* MJRefresh.bundle in Resources */,
				18DF6B321A230A78000CF798 /* MBProgressHUD.bundle in Resources */,
			);
			runOnlyForDeploymentPostprocessing = 0;
		};
		18EA2D4E1A1D96FE0024E748 /* Resources */ = {
			isa = PBXResourcesBuildPhase;
			buildActionMask = 2147483647;
			files = (
			);
			runOnlyForDeploymentPostprocessing = 0;
		};
/* End PBXResourcesBuildPhase section */

/* Begin PBXSourcesBuildPhase section */
		18EA2D331A1D96FD0024E748 /* Sources */ = {
			isa = PBXSourcesBuildPhase;
			buildActionMask = 2147483647;
			files = (
				18838DE51A2325360086BF9A /* UIView+WebCacheOperation.m in Sources */,
				18242E051A2321660087DF7C /* MJIvar.m in Sources */,
				18FEAA921A22D5B8008498D7 /* AFURLRequestSerialization.m in Sources */,
				18DF6B3F1A231B23000CF798 /* IWStatus.m in Sources */,
				18838DFA1A2328000086BF9A /* MJRefreshFooterView.m in Sources */,
				187298FA1A218BA90030F3CD /* IWSearchBar.m in Sources */,
				18838DD71A2325360086BF9A /* NSData+ImageContentType.m in Sources */,
				187298FD1A218CC90030F3CD /* IWOneViewController.m in Sources */,
				18838DE31A2325360086BF9A /* UIImageView+HighlightedWebCache.m in Sources */,
				182CEA9E1A1F13AD00547122 /* IWTitleButton.m in Sources */,
				18DF6B451A231BE1000CF798 /* IWPhoto.m in Sources */,
				18242E0B1A2321660087DF7C /* NSObject+MJKeyValue.m in Sources */,
				18242E091A2321660087DF7C /* MJTypeEncoding.m in Sources */,
				185486B91A1F2D750042D212 /* IWCover.m in Sources */,
				18FEAA911A22D5B8008498D7 /* AFURLConnectionOperation.m in Sources */,
				187299021A21904E0030F3CD /* IWTwoViewController.m in Sources */,
				18838DFE1A2328000086BF9A /* UIView+MJExtension.m in Sources */,
				18242E0C1A2321660087DF7C /* NSObject+MJMember.m in Sources */,
				182CEAA11A1F15A800547122 /* UIImage+image.m in Sources */,
				18838DFD1A2328000086BF9A /* UIScrollView+MJRefresh.m in Sources */,
				18838DDC1A2325360086BF9A /* SDWebImageDownloaderOperation.m in Sources */,
				18838DE11A2325360086BF9A /* UIImage+MultiFormat.m in Sources */,
				18EA2D891A1DC1DB0024E748 /* IWHomeViewController.m in Sources */,
				18DF6B3C1A231362000CF798 /* IWAccountTool.m in Sources */,
				18242E0A1A2321660087DF7C /* NSObject+MJCoding.m in Sources */,
				18EA2DCA1A1DCE5C0024E748 /* IWTabBar.m in Sources */,
				18242E031A2321660087DF7C /* MJConst.m in Sources */,
				18838DF91A2328000086BF9A /* MJRefreshConst.m in Sources */,
				18EA2D721A1DC0A30024E748 /* AppDelegate.m in Sources */,
				18DF6B311A230A78000CF798 /* MBProgressHUD+MJ.m in Sources */,
				18EA2D8F1A1DC1F20024E748 /* IWProfileViewController.m in Sources */,
				18FEAA8F1A22D5B8008498D7 /* AFNetworkReachabilityManager.m in Sources */,
				18838DE41A2325360086BF9A /* UIImageView+WebCache.m in Sources */,
				18838DD61A2325360086BF9A /* MKAnnotationView+WebCache.m in Sources */,
				18838DE21A2325360086BF9A /* UIImage+WebP.m in Sources */,
				187298F71A21814F0030F3CD /* IWNavigationController.m in Sources */,
				18EA2D8C1A1DC1E80024E748 /* IWMessageViewController.m in Sources */,
				18FEAA941A22D5B8008498D7 /* AFURLSessionManager.m in Sources */,
				18EA2DCD1A1DE1900024E748 /* IWTabBarButton.m in Sources */,
				18838DD81A2325360086BF9A /* SDImageCache.m in Sources */,
				18EA2D731A1DC0A30024E748 /* main.m in Sources */,
				18838DDA1A2325360086BF9A /* SDWebImageDecoder.m in Sources */,
				18242E041A2321660087DF7C /* MJFoundation.m in Sources */,
				18EA2D711A1DC0A30024E748 /* IWTabBarController.m in Sources */,
				18838DFB1A2328000086BF9A /* MJRefreshHeaderView.m in Sources */,
				18838DD91A2325360086BF9A /* SDWebImageCompat.m in Sources */,
				18C3E9E31A22DFD500D5C040 /* IWAccount.m in Sources */,
				182CEA9B1A1F125800547122 /* UIBarButtonItem+Create.m in Sources */,
				18242E081A2321660087DF7C /* MJType.m in Sources */,
				18242E021A2321660087DF7C /* MJArgument.m in Sources */,
				183788931A21C19C00B65B7B /* IWNewFeatureViewController.m in Sources */,
				183788961A21C60500B65B7B /* IWNewFeatureCell.m in Sources */,
				18FEAA761A22CF62008498D7 /* IWOAuthViewController.m in Sources */,
				18838DDF1A2325360086BF9A /* UIButton+WebCache.m in Sources */,
				188847371A1EDEC000F553E6 /* IWBadgeView.m in Sources */,
				18FEAA901A22D5B8008498D7 /* AFSecurityPolicy.m in Sources */,
				18FEAA8D1A22D5B8008498D7 /* AFHTTPRequestOperationManager.m in Sources */,
				18FEAA8E1A22D5B8008498D7 /* AFHTTPSessionManager.m in Sources */,
				18242E061A2321660087DF7C /* MJMember.m in Sources */,
				188847341A1ECE0B00F553E6 /* UIView+Frame.m in Sources */,
				18838DFC1A2328000086BF9A /* UIScrollView+MJExtension.m in Sources */,
				18DF6B381A230C72000CF798 /* IWMainTool.m in Sources */,
				18EA2D861A1DC1CF0024E748 /* IWDiscoverViewController.m in Sources */,
				18838DDB1A2325360086BF9A /* SDWebImageDownloader.m in Sources */,
				18242E071A2321660087DF7C /* MJMethod.m in Sources */,
				18838DE01A2325360086BF9A /* UIImage+GIF.m in Sources */,
				18DF6B421A231BCE000CF798 /* IWUser.m in Sources */,
				18DF6B331A230A78000CF798 /* MBProgressHUD.m in Sources */,
				18FEAA8C1A22D5B8008498D7 /* AFHTTPRequestOperation.m in Sources */,
				18911D291A1F26560054ADD0 /* IWPopViewController.m in Sources */,
				18838DDD1A2325360086BF9A /* SDWebImageManager.m in Sources */,
				18FEAA931A22D5B8008498D7 /* AFURLResponseSerialization.m in Sources */,
				18838DF81A2328000086BF9A /* MJRefreshBaseView.m in Sources */,
				18911D261A1F243E0054ADD0 /* IWPopView.m in Sources */,
				18838DDE1A2325360086BF9A /* SDWebImagePrefetcher.m in Sources */,
			);
			runOnlyForDeploymentPostprocessing = 0;
		};
		18EA2D4C1A1D96FE0024E748 /* Sources */ = {
			isa = PBXSourcesBuildPhase;
			buildActionMask = 2147483647;
			files = (
				18EA2D571A1D96FE0024E748 /* ____Tests.m in Sources */,
			);
			runOnlyForDeploymentPostprocessing = 0;
		};
/* End PBXSourcesBuildPhase section */

/* Begin PBXTargetDependency section */
		18EA2D521A1D96FE0024E748 /* PBXTargetDependency */ = {
			isa = PBXTargetDependency;
			target = 18EA2D361A1D96FD0024E748 /* 新浪微博 */;
			targetProxy = 18EA2D511A1D96FE0024E748 /* PBXContainerItemProxy */;
		};
/* End PBXTargetDependency section */

/* Begin XCBuildConfiguration section */
		18EA2D581A1D96FE0024E748 /* Debug */ = {
			isa = XCBuildConfiguration;
			buildSettings = {
				ALWAYS_SEARCH_USER_PATHS = NO;
				CLANG_CXX_LANGUAGE_STANDARD = "gnu++0x";
				CLANG_CXX_LIBRARY = "libc++";
				CLANG_ENABLE_MODULES = YES;
				CLANG_ENABLE_OBJC_ARC = YES;
				CLANG_WARN_BOOL_CONVERSION = YES;
				CLANG_WARN_CONSTANT_CONVERSION = YES;
				CLANG_WARN_DIRECT_OBJC_ISA_USAGE = YES_ERROR;
				CLANG_WARN_EMPTY_BODY = YES;
				CLANG_WARN_ENUM_CONVERSION = YES;
				CLANG_WARN_INT_CONVERSION = YES;
				CLANG_WARN_OBJC_ROOT_CLASS = YES_ERROR;
				CLANG_WARN_UNREACHABLE_CODE = YES;
				CLANG_WARN__DUPLICATE_METHOD_MATCH = YES;
				"CODE_SIGN_IDENTITY[sdk=iphoneos*]" = "iPhone Developer";
				COPY_PHASE_STRIP = NO;
				ENABLE_STRICT_OBJC_MSGSEND = YES;
				GCC_C_LANGUAGE_STANDARD = gnu99;
				GCC_DYNAMIC_NO_PIC = NO;
				GCC_OPTIMIZATION_LEVEL = 0;
				GCC_PREPROCESSOR_DEFINITIONS = (
					"DEBUG=1",
					"$(inherited)",
				);
				GCC_SYMBOLS_PRIVATE_EXTERN = NO;
				GCC_WARN_64_TO_32_BIT_CONVERSION = YES;
				GCC_WARN_ABOUT_RETURN_TYPE = YES_ERROR;
				GCC_WARN_UNDECLARED_SELECTOR = YES;
				GCC_WARN_UNINITIALIZED_AUTOS = YES_AGGRESSIVE;
				GCC_WARN_UNUSED_FUNCTION = YES;
				GCC_WARN_UNUSED_VARIABLE = YES;
				IPHONEOS_DEPLOYMENT_TARGET = 8.1;
				MTL_ENABLE_DEBUG_INFO = YES;
				ONLY_ACTIVE_ARCH = YES;
				SDKROOT = iphoneos;
			};
			name = Debug;
		};
		18EA2D591A1D96FE0024E748 /* Release */ = {
			isa = XCBuildConfiguration;
			buildSettings = {
				ALWAYS_SEARCH_USER_PATHS = NO;
				CLANG_CXX_LANGUAGE_STANDARD = "gnu++0x";
				CLANG_CXX_LIBRARY = "libc++";
				CLANG_ENABLE_MODULES = YES;
				CLANG_ENABLE_OBJC_ARC = YES;
				CLANG_WARN_BOOL_CONVERSION = YES;
				CLANG_WARN_CONSTANT_CONVERSION = YES;
				CLANG_WARN_DIRECT_OBJC_ISA_USAGE = YES_ERROR;
				CLANG_WARN_EMPTY_BODY = YES;
				CLANG_WARN_ENUM_CONVERSION = YES;
				CLANG_WARN_INT_CONVERSION = YES;
				CLANG_WARN_OBJC_ROOT_CLASS = YES_ERROR;
				CLANG_WARN_UNREACHABLE_CODE = YES;
				CLANG_WARN__DUPLICATE_METHOD_MATCH = YES;
				"CODE_SIGN_IDENTITY[sdk=iphoneos*]" = "iPhone Developer";
				COPY_PHASE_STRIP = YES;
				ENABLE_NS_ASSERTIONS = NO;
				ENABLE_STRICT_OBJC_MSGSEND = YES;
				GCC_C_LANGUAGE_STANDARD = gnu99;
				GCC_WARN_64_TO_32_BIT_CONVERSION = YES;
				GCC_WARN_ABOUT_RETURN_TYPE = YES_ERROR;
				GCC_WARN_UNDECLARED_SELECTOR = YES;
				GCC_WARN_UNINITIALIZED_AUTOS = YES_AGGRESSIVE;
				GCC_WARN_UNUSED_FUNCTION = YES;
				GCC_WARN_UNUSED_VARIABLE = YES;
				IPHONEOS_DEPLOYMENT_TARGET = 8.1;
				MTL_ENABLE_DEBUG_INFO = NO;
				SDKROOT = iphoneos;
				VALIDATE_PRODUCT = YES;
			};
			name = Release;
		};
		18EA2D5B1A1D96FE0024E748 /* Debug */ = {
			isa = XCBuildConfiguration;
			buildSettings = {
				ASSETCATALOG_COMPILER_APPICON_NAME = AppIcon;
				ASSETCATALOG_COMPILER_LAUNCHIMAGE_NAME = LaunchImage;
				GCC_PRECOMPILE_PREFIX_HEADER = YES;
				GCC_PREFIX_HEADER = "新浪微博/Classes/Other/新浪微博.pch";
				INFOPLIST_FILE = "新浪微博/Info.plist";
				IPHONEOS_DEPLOYMENT_TARGET = 7.0;
				LD_RUNPATH_SEARCH_PATHS = "$(inherited) @executable_path/Frameworks";
				PRODUCT_NAME = "$(TARGET_NAME)";
			};
			name = Debug;
		};
		18EA2D5C1A1D96FE0024E748 /* Release */ = {
			isa = XCBuildConfiguration;
			buildSettings = {
				ASSETCATALOG_COMPILER_APPICON_NAME = AppIcon;
				ASSETCATALOG_COMPILER_LAUNCHIMAGE_NAME = LaunchImage;
				GCC_PRECOMPILE_PREFIX_HEADER = YES;
				GCC_PREFIX_HEADER = "新浪微博/Classes/Other/新浪微博.pch";
				INFOPLIST_FILE = "新浪微博/Info.plist";
				IPHONEOS_DEPLOYMENT_TARGET = 7.0;
				LD_RUNPATH_SEARCH_PATHS = "$(inherited) @executable_path/Frameworks";
				PRODUCT_NAME = "$(TARGET_NAME)";
			};
			name = Release;
		};
		18EA2D5E1A1D96FE0024E748 /* Debug */ = {
			isa = XCBuildConfiguration;
			buildSettings = {
				BUNDLE_LOADER = "$(TEST_HOST)";
				FRAMEWORK_SEARCH_PATHS = (
					"$(SDKROOT)/Developer/Library/Frameworks",
					"$(inherited)",
				);
				GCC_PREPROCESSOR_DEFINITIONS = (
					"DEBUG=1",
					"$(inherited)",
				);
				INFOPLIST_FILE = "新浪微博Tests/Info.plist";
				LD_RUNPATH_SEARCH_PATHS = "$(inherited) @executable_path/Frameworks @loader_path/Frameworks";
				PRODUCT_NAME = "$(TARGET_NAME)";
				TEST_HOST = "$(BUILT_PRODUCTS_DIR)/新浪微博.app/新浪微博";
			};
			name = Debug;
		};
		18EA2D5F1A1D96FE0024E748 /* Release */ = {
			isa = XCBuildConfiguration;
			buildSettings = {
				BUNDLE_LOADER = "$(TEST_HOST)";
				FRAMEWORK_SEARCH_PATHS = (
					"$(SDKROOT)/Developer/Library/Frameworks",
					"$(inherited)",
				);
				INFOPLIST_FILE = "新浪微博Tests/Info.plist";
				LD_RUNPATH_SEARCH_PATHS = "$(inherited) @executable_path/Frameworks @loader_path/Frameworks";
				PRODUCT_NAME = "$(TARGET_NAME)";
				TEST_HOST = "$(BUILT_PRODUCTS_DIR)/新浪微博.app/新浪微博";
			};
			name = Release;
		};
/* End XCBuildConfiguration section */

/* Begin XCConfigurationList section */
		18EA2D321A1D96FD0024E748 /* Build configuration list for PBXProject "新浪微博" */ = {
			isa = XCConfigurationList;
			buildConfigurations = (
				18EA2D581A1D96FE0024E748 /* Debug */,
				18EA2D591A1D96FE0024E748 /* Release */,
			);
			defaultConfigurationIsVisible = 0;
			defaultConfigurationName = Release;
		};
		18EA2D5A1A1D96FE0024E748 /* Build configuration list for PBXNativeTarget "新浪微博" */ = {
			isa = XCConfigurationList;
			buildConfigurations = (
				18EA2D5B1A1D96FE0024E748 /* Debug */,
				18EA2D5C1A1D96FE0024E748 /* Release */,
			);
			defaultConfigurationIsVisible = 0;
			defaultConfigurationName = Release;
		};
		18EA2D5D1A1D96FE0024E748 /* Build configuration list for PBXNativeTarget "新浪微博Tests" */ = {
			isa = XCConfigurationList;
			buildConfigurations = (
				18EA2D5E1A1D96FE0024E748 /* Debug */,
				18EA2D5F1A1D96FE0024E748 /* Release */,
			);
			defaultConfigurationIsVisible = 0;
			defaultConfigurationName = Release;
		};
/* End XCConfigurationList section */
	};
	rootObject = 18EA2D2F1A1D96FD0024E748 /* Project object */;
}
